
Microsoft Visual Studio Solution File, Format Version 12.00
# Visual Studio 2013
VisualStudioVersion = 12.0.31101.0
MinimumVisualStudioVersion = 10.0.40219.1
Project("{FAE04EC0-301F-11D3-BF4B-00C04F79EFBC}") = "SISCO", "SISCO\SISCO.csproj", "{7A86F4D4-29E7-4CD5-9449-F1AAA198AEFC}"
EndProject
Project("{2150E333-8FDC-42A3-9474-1A3956D46DE8}") = "01. Presentation", "01. Presentation", "{FCB487C1-1FCF-40E4-AFCC-10BE666D4906}"
EndProject
Project("{2150E333-8FDC-42A3-9474-1A3956D46DE8}") = "02. Service", "02. Service", "{93E6E8F3-6287-46C2-9F9B-D8DF1CB8023C}"
EndProject
Project("{2150E333-8FDC-42A3-9474-1A3956D46DE8}") = "03. Business Logic", "03. Business Logic", "{39EC368D-12EE-43EA-96F6-5EE63E927025}"
EndProject
Project("{2150E333-8FDC-42A3-9474-1A3956D46DE8}") = "04. Data Access", "04. Data Access", "{BEDB06C2-373E-4103-853F-60405E1A893B}"
EndProject
Project("{2150E333-8FDC-42A3-9474-1A3956D46DE8}") = "05. Common", "05. Common", "{F5E50702-EFAE-4182-9ECA-451F851D75FA}"
EndProject
Project("{2150E333-8FDC-42A3-9474-1A3956D46DE8}") = "06. Installer", "06. Installer", "{03FFEB89-127C-4AE7-8F62-6A7428A1E449}"
EndProject
Project("{FAE04EC0-301F-11D3-BF4B-00C04F79EFBC}") = "SISCO.Repositories", "SISCO.Repositories\SISCO.Repositories.csproj", "{9A5C8AF3-8127-444A-B499-8523B7E60BB2}"
EndProject
Project("{FAE04EC0-301F-11D3-BF4B-00C04F79EFBC}") = "Devenlab.Common", "Devenlab.Common\Devenlab.Common.csproj", "{D43940DF-CB03-49B4-A6EF-CAC92BF00B3E}"
EndProject
Project("{FAE04EC0-301F-11D3-BF4B-00C04F79EFBC}") = "Devenlab.Common.WinControl", "Devenlab.Common.WinControl\Devenlab.Common.WinControl.csproj", "{CADBB621-0F80-4C45-9135-7F10256C5EA5}"
EndProject
Project("{FAE04EC0-301F-11D3-BF4B-00C04F79EFBC}") = "SISCO.App.MasterData", "SISCO.MasterData\SISCO.App.MasterData.csproj", "{A80E0E32-6788-46C3-9B10-755E597A11E5}"
EndProject
Project("{FAE04EC0-301F-11D3-BF4B-00C04F79EFBC}") = "SISCO.Presentation.Operation", "SISCO.Presentation.Operation\SISCO.Presentation.Operation.csproj", "{F431F556-155B-42CC-A24A-7C7FFC03CEA9}"
EndProject
Project("{FAE04EC0-301F-11D3-BF4B-00C04F79EFBC}") = "SISCO.Presentation.Common", "SISCO.Presentation.Common\SISCO.Presentation.Common.csproj", "{518D8408-E160-4C14-B9A2-5770B7A7492A}"
EndProject
Project("{FAE04EC0-301F-11D3-BF4B-00C04F79EFBC}") = "SISCO.Presentation.MasterData", "SISCO.Presentation.MasterData\SISCO.Presentation.MasterData.csproj", "{94821D05-B609-43D3-9DC2-4894B2B83420}"
EndProject
Project("{FAE04EC0-301F-11D3-BF4B-00C04F79EFBC}") = "SISCO.Models", "SISCO.Models\SISCO.Models.csproj", "{3802C9D7-5433-4071-BD6C-ECAC025F397E}"
EndProject
Project("{FAE04EC0-301F-11D3-BF4B-00C04F79EFBC}") = "SISCO.Presentation.Finance", "SISCO.Presentation.Finance\SISCO.Presentation.Finance.csproj", "{14BF7218-ADC4-4CD9-B867-F2045B5BD4BA}"
EndProject
Project("{FAE04EC0-301F-11D3-BF4B-00C04F79EFBC}") = "SISCO.Presentation.CounterCash", "SISCO.Presentation.CounterCash\SISCO.Presentation.CounterCash.csproj", "{2199970F-471E-4486-984E-31F347B2E934}"
EndProject
Project("{FAE04EC0-301F-11D3-BF4B-00C04F79EFBC}") = "SISCO.Presentation.Administration", "SISCO.Presentation.Administration\SISCO.Presentation.Administration.csproj", "{EA551D83-FFCB-4807-A490-E9F6592EA0F8}"
EndProject
Project("{FAE04EC0-301F-11D3-BF4B-00C04F79EFBC}") = "SISCO.Presentation.Marketing", "SISCO.Presentation.Marketing\SISCO.Presentation.Marketing.csproj", "{75AC97CC-FA68-49F7-951D-734344F97B03}"
EndProject
Project("{FAE04EC0-301F-11D3-BF4B-00C04F79EFBC}") = "SISCO.Presentation.Billing", "SISCO.Presentation.Billing\SISCO.Presentation.Billing.csproj", "{027C05AA-0FA8-46D5-AA66-90F5B6E4DD26}"
EndProject
Project("{FAE04EC0-301F-11D3-BF4B-00C04F79EFBC}") = "SISCO.Presentation.CustomerService", "SISCO.Presentation.CustomerService\SISCO.Presentation.CustomerService.csproj", "{2292D610-29BB-459C-90D3-2E5A422957FB}"
EndProject
Project("{FAE04EC0-301F-11D3-BF4B-00C04F79EFBC}") = "SISCO.App", "SISCO.App\SISCO.App.csproj", "{8B965B65-2286-4F02-B1BC-8E126C22BCFB}"
EndProject
Project("{FAE04EC0-301F-11D3-BF4B-00C04F79EFBC}") = "SISCO.App.CustomerService", "SISCO.App.CustomerService\SISCO.App.CustomerService.csproj", "{70CFC4F0-A0CC-432C-98AC-650F1444363B}"
EndProject
Project("{FAE04EC0-301F-11D3-BF4B-00C04F79EFBC}") = "SISCO.App.Administration", "SISCO.App.Administration\SISCO.App.Administration.csproj", "{E6E40BCA-AC67-4FAE-8CC5-B5B20FBA7176}"
EndProject
Project("{2150E333-8FDC-42A3-9474-1A3956D46DE8}") = "99. RND", "99. RND", "{8CD3BF96-7797-4824-BB47-F7C236CCCF2B}"
EndProject
Project("{FAE04EC0-301F-11D3-BF4B-00C04F79EFBC}") = "SISCO.App.Operation", "SISCO.App.Operation\SISCO.App.Operation.csproj", "{9209C028-7AA1-4BAA-8321-CAF75571E0F9}"
EndProject
Project("{FAE04EC0-301F-11D3-BF4B-00C04F79EFBC}") = "SISCO.App.Billing", "SISCO.App.Billing\SISCO.App.Billing.csproj", "{0A0626BF-5555-4622-BCBF-54A3E55F5071}"
EndProject
Project("{FAE04EC0-301F-11D3-BF4B-00C04F79EFBC}") = "SISCO.App.Marketing", "SISCO.App.Marketing\SISCO.App.Marketing.csproj", "{B574F6F0-AE0B-4DE8-A273-39A024CF8BB8}"
EndProject
Project("{FAE04EC0-301F-11D3-BF4B-00C04F79EFBC}") = "SISCO.App.Finance", "SISCO.App.Finance\SISCO.App.Finance.csproj", "{3D69280C-E684-49F6-8E13-C4A7D36CB499}"
EndProject
Project("{FAE04EC0-301F-11D3-BF4B-00C04F79EFBC}") = "SISCO.App.Accounting", "SISCO.App.Accounting\SISCO.App.Accounting.csproj", "{46AEFAA9-DBB1-46EC-B25E-3F40687311FB}"
EndProject
Project("{FAE04EC0-301F-11D3-BF4B-00C04F79EFBC}") = "MetaClassGenerator", "MetaClassGenerator\MetaClassGenerator.csproj", "{21CE45F9-5F6C-4667-91AC-A8DA74728B44}"
EndProject
Project("{FAE04EC0-301F-11D3-BF4B-00C04F79EFBC}") = "SISCO.Presentation.Reports", "SISCO.Presentation.Reports\SISCO.Presentation.Reports.csproj", "{8FE174E6-863C-4456-AB22-FE5071F48397}"
EndProject
Project("{FAE04EC0-301F-11D3-BF4B-00C04F79EFBC}") = "Franchise", "Franchise\Franchise.csproj", "{BE0167EB-4795-4525-8B41-2138FDFE8BB4}"
EndProject
Project("{FAE04EC0-301F-11D3-BF4B-00C04F79EFBC}") = "SISCO.Presentation.Franchise", "SISCO.Presentation.Franchise\SISCO.Presentation.Franchise.csproj", "{8356C640-ACAA-4EA6-B570-EBA0E9E24520}"
EndProject
Project("{FAE04EC0-301F-11D3-BF4B-00C04F79EFBC}") = "SISCO.App.Franchise", "SISCO.App.Franchise\SISCO.App.Franchise.csproj", "{EAA33893-39AA-49AB-977F-379A81E205B2}"
EndProject
Project("{FAE04EC0-301F-11D3-BF4B-00C04F79EFBC}") = "Franchise.Presentation.MasterData", "Franchise.Presentation.MasterData\Franchise.Presentation.MasterData.csproj", "{59EC7B93-1F4D-486C-B0B5-EB20097AB101}"
EndProject
Project("{FAE04EC0-301F-11D3-BF4B-00C04F79EFBC}") = "Franchise.Presentation.Common", "Franchise.Presentation.Common\Franchise.Presentation.Common.csproj", "{C96DE633-168E-4153-9B12-A8487A94532B}"
EndProject
Project("{FAE04EC0-301F-11D3-BF4B-00C04F79EFBC}") = "Franchise.Presentation.CounterCash", "Franchise.Presentation.CounterCash\Franchise.Presentation.CounterCash.csproj", "{45583E2D-187F-4F7E-B7C1-188A12A8644E}"
EndProject
Project("{FAE04EC0-301F-11D3-BF4B-00C04F79EFBC}") = "Franchise.Presentation.CustomerService", "Franchise.Presentation.CustomerService\Franchise.Presentation.CustomerService.csproj", "{C652C72D-D75E-4A35-8183-776EC1B4F1BD}"
EndProject
Project("{FAE04EC0-301F-11D3-BF4B-00C04F79EFBC}") = "Franchise.Presentation.Reports", "Franchise.Presentation.Report\Franchise.Presentation.Reports.csproj", "{6EAD8490-118B-4395-BCEF-CB5EC083705C}"
EndProject
Project("{2150E333-8FDC-42A3-9474-1A3956D46DE8}") = "A. SISCO", "A. SISCO", "{AB97D2DE-846B-4B5B-9168-7F19F766E614}"
EndProject
Project("{2150E333-8FDC-42A3-9474-1A3956D46DE8}") = "B. Franchise", "B. Franchise", "{27A2B603-D4D5-4F84-BDD2-A7E4C65F9A85}"
EndProject
Project("{2150E333-8FDC-42A3-9474-1A3956D46DE8}") = "C. Corporate", "C. Corporate", "{3B50A4B5-F15E-465F-B2EF-81353E9EE5A3}"
EndProject
Project("{FAE04EC0-301F-11D3-BF4B-00C04F79EFBC}") = "Corporate.Presentation.Common", "Corporate.Presentation.Common\Corporate.Presentation.Common.csproj", "{893D5CA5-3381-4AF2-A32F-F4B5730B1CA6}"
EndProject
Project("{FAE04EC0-301F-11D3-BF4B-00C04F79EFBC}") = "SISCO.App.Corporate", "SISCO.App.Corporate\SISCO.App.Corporate.csproj", "{A8471C2A-1679-4228-85C1-04A22C9AF7D3}"
EndProject
Project("{FAE04EC0-301F-11D3-BF4B-00C04F79EFBC}") = "Corporate", "Corporate\Corporate.csproj", "{9B4613CA-28BF-422C-8E53-ED9A7B45436A}"
EndProject
Project("{FAE04EC0-301F-11D3-BF4B-00C04F79EFBC}") = "SISCO.Presentation.Corporate", "SISCO.Presentation.Corporate\SISCO.Presentation.Corporate.csproj", "{C4B272BC-B14D-467D-85F3-5D13EBB0DBCE}"
EndProject
Project("{FAE04EC0-301F-11D3-BF4B-00C04F79EFBC}") = "Corporate.Presentation.MasterData", "Corporate.Presentation.MasterData\Corporate.Presentation.MasterData.csproj", "{542881EA-2FA1-432B-9359-4ADCB1C25598}"
EndProject
Project("{FAE04EC0-301F-11D3-BF4B-00C04F79EFBC}") = "Corporate.Presentation.CustomerService", "Corporate.Presentation.CustomerService\Corporate.Presentation.CustomerService.csproj", "{84764172-5E0E-4404-88C4-8F627F85F1D5}"
EndProject
Project("{FAE04EC0-301F-11D3-BF4B-00C04F79EFBC}") = "Corporate.Presentation.DataEntry", "Corporate.Presentation.DataEntry\Corporate.Presentation.DataEntry.csproj", "{58350367-4EC9-4DBB-8576-1AAAEC029E5A}"
EndProject
Project("{FAE04EC0-301F-11D3-BF4B-00C04F79EFBC}") = "RND", "RND\RND.csproj", "{7F56D26D-CEC1-476F-BAA2-6F8D61A0ED9C}"
EndProject
Project("{FAE04EC0-301F-11D3-BF4B-00C04F79EFBC}") = "SISCO.LocalStorage", "SISCO.LocalStorage\SISCO.LocalStorage.csproj", "{82A95A01-379E-48C6-A559-AF9262EBC428}"
EndProject
Project("{2150E333-8FDC-42A3-9474-1A3956D46DE8}") = "07. Web", "07. Web", "{BC37117F-F62F-4D1D-B26C-3C5D59BE32D3}"
EndProject
Project("{FAE04EC0-301F-11D3-BF4B-00C04F79EFBC}") = "Franchise.Presentation.DropPoint", "Franchise.Presentation.DropPoint\Franchise.Presentation.DropPoint.csproj", "{1B91A6A0-2BB8-4F65-BBEA-A32A4FA675F6}"
EndProject
Project("{FAE04EC0-301F-11D3-BF4B-00C04F79EFBC}") = "SISCO.Presentation.Audit", "SISCO.Presentation.Audit\SISCO.Presentation.Audit.csproj", "{91092C87-320A-44BD-9952-33C3523D756A}"
EndProject
Project("{2150E333-8FDC-42A3-9474-1A3956D46DE8}") = "D. Barcode Machine", "D. Barcode Machine", "{CAF11D14-1C91-4552-8CA1-1F51BB1F52E9}"
EndProject
Project("{FAE04EC0-301F-11D3-BF4B-00C04F79EFBC}") = "BarcodeMachine", "BarcodeMachine\BarcodeMachine.csproj", "{5232213B-1938-4A80-9BEA-CD62363F2690}"
EndProject
Global
	GlobalSection(SolutionConfigurationPlatforms) = preSolution
		Debug|Any CPU = Debug|Any CPU
		Debug|Mixed Platforms = Debug|Mixed Platforms
		Debug|x86 = Debug|x86
		Release|Any CPU = Release|Any CPU
		Release|Mixed Platforms = Release|Mixed Platforms
		Release|x86 = Release|x86
		RND|Any CPU = RND|Any CPU
		RND|Mixed Platforms = RND|Mixed Platforms
		RND|x86 = RND|x86
	EndGlobalSection
	GlobalSection(ProjectConfigurationPlatforms) = postSolution
		{7A86F4D4-29E7-4CD5-9449-F1AAA198AEFC}.Debug|Any CPU.ActiveCfg = Debug|x86
		{7A86F4D4-29E7-4CD5-9449-F1AAA198AEFC}.Debug|Any CPU.Build.0 = Debug|x86
		{7A86F4D4-29E7-4CD5-9449-F1AAA198AEFC}.Debug|Mixed Platforms.ActiveCfg = Debug|x86
		{7A86F4D4-29E7-4CD5-9449-F1AAA198AEFC}.Debug|Mixed Platforms.Build.0 = Debug|x86
		{7A86F4D4-29E7-4CD5-9449-F1AAA198AEFC}.Debug|x86.ActiveCfg = Debug|x86
		{7A86F4D4-29E7-4CD5-9449-F1AAA198AEFC}.Debug|x86.Build.0 = Debug|x86
		{7A86F4D4-29E7-4CD5-9449-F1AAA198AEFC}.Release|Any CPU.ActiveCfg = Release|x86
		{7A86F4D4-29E7-4CD5-9449-F1AAA198AEFC}.Release|Any CPU.Build.0 = Release|x86
		{7A86F4D4-29E7-4CD5-9449-F1AAA198AEFC}.Release|Mixed Platforms.ActiveCfg = Release|x86
		{7A86F4D4-29E7-4CD5-9449-F1AAA198AEFC}.Release|Mixed Platforms.Build.0 = Release|x86
		{7A86F4D4-29E7-4CD5-9449-F1AAA198AEFC}.Release|x86.ActiveCfg = Release|x86
		{7A86F4D4-29E7-4CD5-9449-F1AAA198AEFC}.Release|x86.Build.0 = Release|x86
		{7A86F4D4-29E7-4CD5-9449-F1AAA198AEFC}.RND|Any CPU.ActiveCfg = RND|x86
		{7A86F4D4-29E7-4CD5-9449-F1AAA198AEFC}.RND|Any CPU.Build.0 = RND|x86
		{7A86F4D4-29E7-4CD5-9449-F1AAA198AEFC}.RND|Mixed Platforms.ActiveCfg = RND|x86
		{7A86F4D4-29E7-4CD5-9449-F1AAA198AEFC}.RND|Mixed Platforms.Build.0 = RND|x86
		{7A86F4D4-29E7-4CD5-9449-F1AAA198AEFC}.RND|x86.ActiveCfg = RND|x86
		{7A86F4D4-29E7-4CD5-9449-F1AAA198AEFC}.RND|x86.Build.0 = RND|x86
		{9A5C8AF3-8127-444A-B499-8523B7E60BB2}.Debug|Any CPU.ActiveCfg = Debug|Any CPU
		{9A5C8AF3-8127-444A-B499-8523B7E60BB2}.Debug|Any CPU.Build.0 = Debug|Any CPU
		{9A5C8AF3-8127-444A-B499-8523B7E60BB2}.Debug|Mixed Platforms.ActiveCfg = Debug|Any CPU
		{9A5C8AF3-8127-444A-B499-8523B7E60BB2}.Debug|Mixed Platforms.Build.0 = Debug|Any CPU
		{9A5C8AF3-8127-444A-B499-8523B7E60BB2}.Debug|x86.ActiveCfg = Debug|Any CPU
		{9A5C8AF3-8127-444A-B499-8523B7E60BB2}.Release|Any CPU.ActiveCfg = Release|Any CPU
		{9A5C8AF3-8127-444A-B499-8523B7E60BB2}.Release|Any CPU.Build.0 = Release|Any CPU
		{9A5C8AF3-8127-444A-B499-8523B7E60BB2}.Release|Mixed Platforms.ActiveCfg = Release|Any CPU
		{9A5C8AF3-8127-444A-B499-8523B7E60BB2}.Release|Mixed Platforms.Build.0 = Release|Any CPU
		{9A5C8AF3-8127-444A-B499-8523B7E60BB2}.Release|x86.ActiveCfg = Release|Any CPU
		{9A5C8AF3-8127-444A-B499-8523B7E60BB2}.RND|Any CPU.ActiveCfg = RND|Any CPU
		{9A5C8AF3-8127-444A-B499-8523B7E60BB2}.RND|Any CPU.Build.0 = RND|Any CPU
		{9A5C8AF3-8127-444A-B499-8523B7E60BB2}.RND|Mixed Platforms.ActiveCfg = RND|Any CPU
		{9A5C8AF3-8127-444A-B499-8523B7E60BB2}.RND|Mixed Platforms.Build.0 = RND|Any CPU
		{9A5C8AF3-8127-444A-B499-8523B7E60BB2}.RND|x86.ActiveCfg = RND|Any CPU
		{D43940DF-CB03-49B4-A6EF-CAC92BF00B3E}.Debug|Any CPU.ActiveCfg = Debug|Any CPU
		{D43940DF-CB03-49B4-A6EF-CAC92BF00B3E}.Debug|Any CPU.Build.0 = Debug|Any CPU
		{D43940DF-CB03-49B4-A6EF-CAC92BF00B3E}.Debug|Mixed Platforms.ActiveCfg = Debug|Any CPU
		{D43940DF-CB03-49B4-A6EF-CAC92BF00B3E}.Debug|Mixed Platforms.Build.0 = Debug|Any CPU
		{D43940DF-CB03-49B4-A6EF-CAC92BF00B3E}.Debug|x86.ActiveCfg = Debug|Any CPU
		{D43940DF-CB03-49B4-A6EF-CAC92BF00B3E}.Release|Any CPU.ActiveCfg = Release|Any CPU
		{D43940DF-CB03-49B4-A6EF-CAC92BF00B3E}.Release|Any CPU.Build.0 = Release|Any CPU
		{D43940DF-CB03-49B4-A6EF-CAC92BF00B3E}.Release|Mixed Platforms.ActiveCfg = Release|Any CPU
		{D43940DF-CB03-49B4-A6EF-CAC92BF00B3E}.Release|Mixed Platforms.Build.0 = Release|Any CPU
		{D43940DF-CB03-49B4-A6EF-CAC92BF00B3E}.Release|x86.ActiveCfg = Release|Any CPU
		{D43940DF-CB03-49B4-A6EF-CAC92BF00B3E}.RND|Any CPU.ActiveCfg = RND|Any CPU
		{D43940DF-CB03-49B4-A6EF-CAC92BF00B3E}.RND|Any CPU.Build.0 = RND|Any CPU
		{D43940DF-CB03-49B4-A6EF-CAC92BF00B3E}.RND|Mixed Platforms.ActiveCfg = RND|Any CPU
		{D43940DF-CB03-49B4-A6EF-CAC92BF00B3E}.RND|Mixed Platforms.Build.0 = RND|Any CPU
		{D43940DF-CB03-49B4-A6EF-CAC92BF00B3E}.RND|x86.ActiveCfg = RND|Any CPU
		{CADBB621-0F80-4C45-9135-7F10256C5EA5}.Debug|Any CPU.ActiveCfg = Debug|Any CPU
		{CADBB621-0F80-4C45-9135-7F10256C5EA5}.Debug|Any CPU.Build.0 = Debug|Any CPU
		{CADBB621-0F80-4C45-9135-7F10256C5EA5}.Debug|Mixed Platforms.ActiveCfg = Debug|Any CPU
		{CADBB621-0F80-4C45-9135-7F10256C5EA5}.Debug|Mixed Platforms.Build.0 = Debug|Any CPU
		{CADBB621-0F80-4C45-9135-7F10256C5EA5}.Debug|x86.ActiveCfg = Debug|Any CPU
		{CADBB621-0F80-4C45-9135-7F10256C5EA5}.Release|Any CPU.ActiveCfg = Release|Any CPU
		{CADBB621-0F80-4C45-9135-7F10256C5EA5}.Release|Any CPU.Build.0 = Release|Any CPU
		{CADBB621-0F80-4C45-9135-7F10256C5EA5}.Release|Mixed Platforms.ActiveCfg = Release|Any CPU
		{CADBB621-0F80-4C45-9135-7F10256C5EA5}.Release|Mixed Platforms.Build.0 = Release|Any CPU
		{CADBB621-0F80-4C45-9135-7F10256C5EA5}.Release|x86.ActiveCfg = Release|Any CPU
		{CADBB621-0F80-4C45-9135-7F10256C5EA5}.RND|Any CPU.ActiveCfg = RND|Any CPU
		{CADBB621-0F80-4C45-9135-7F10256C5EA5}.RND|Any CPU.Build.0 = RND|Any CPU
		{CADBB621-0F80-4C45-9135-7F10256C5EA5}.RND|Mixed Platforms.ActiveCfg = RND|Any CPU
		{CADBB621-0F80-4C45-9135-7F10256C5EA5}.RND|Mixed Platforms.Build.0 = RND|Any CPU
		{CADBB621-0F80-4C45-9135-7F10256C5EA5}.RND|x86.ActiveCfg = RND|Any CPU
		{A80E0E32-6788-46C3-9B10-755E597A11E5}.Debug|Any CPU.ActiveCfg = Debug|Any CPU
		{A80E0E32-6788-46C3-9B10-755E597A11E5}.Debug|Any CPU.Build.0 = Debug|Any CPU
		{A80E0E32-6788-46C3-9B10-755E597A11E5}.Debug|Mixed Platforms.ActiveCfg = Debug|Any CPU
		{A80E0E32-6788-46C3-9B10-755E597A11E5}.Debug|Mixed Platforms.Build.0 = Debug|Any CPU
		{A80E0E32-6788-46C3-9B10-755E597A11E5}.Debug|x86.ActiveCfg = Debug|Any CPU
		{A80E0E32-6788-46C3-9B10-755E597A11E5}.Release|Any CPU.ActiveCfg = Release|Any CPU
		{A80E0E32-6788-46C3-9B10-755E597A11E5}.Release|Any CPU.Build.0 = Release|Any CPU
		{A80E0E32-6788-46C3-9B10-755E597A11E5}.Release|Mixed Platforms.ActiveCfg = Release|Any CPU
		{A80E0E32-6788-46C3-9B10-755E597A11E5}.Release|Mixed Platforms.Build.0 = Release|Any CPU
		{A80E0E32-6788-46C3-9B10-755E597A11E5}.Release|x86.ActiveCfg = Release|Any CPU
		{A80E0E32-6788-46C3-9B10-755E597A11E5}.RND|Any CPU.ActiveCfg = RND|Any CPU
		{A80E0E32-6788-46C3-9B10-755E597A11E5}.RND|Any CPU.Build.0 = RND|Any CPU
		{A80E0E32-6788-46C3-9B10-755E597A11E5}.RND|Mixed Platforms.ActiveCfg = RND|Any CPU
		{A80E0E32-6788-46C3-9B10-755E597A11E5}.RND|Mixed Platforms.Build.0 = RND|Any CPU
		{A80E0E32-6788-46C3-9B10-755E597A11E5}.RND|x86.ActiveCfg = RND|Any CPU
		{F431F556-155B-42CC-A24A-7C7FFC03CEA9}.Debug|Any CPU.ActiveCfg = Debug|Any CPU
		{F431F556-155B-42CC-A24A-7C7FFC03CEA9}.Debug|Any CPU.Build.0 = Debug|Any CPU
		{F431F556-155B-42CC-A24A-7C7FFC03CEA9}.Debug|Mixed Platforms.ActiveCfg = Debug|Any CPU
		{F431F556-155B-42CC-A24A-7C7FFC03CEA9}.Debug|Mixed Platforms.Build.0 = Debug|Any CPU
		{F431F556-155B-42CC-A24A-7C7FFC03CEA9}.Debug|x86.ActiveCfg = Debug|Any CPU
		{F431F556-155B-42CC-A24A-7C7FFC03CEA9}.Release|Any CPU.ActiveCfg = Release|Any CPU
		{F431F556-155B-42CC-A24A-7C7FFC03CEA9}.Release|Any CPU.Build.0 = Release|Any CPU
		{F431F556-155B-42CC-A24A-7C7FFC03CEA9}.Release|Mixed Platforms.ActiveCfg = Release|Any CPU
		{F431F556-155B-42CC-A24A-7C7FFC03CEA9}.Release|Mixed Platforms.Build.0 = Release|Any CPU
		{F431F556-155B-42CC-A24A-7C7FFC03CEA9}.Release|x86.ActiveCfg = Release|Any CPU
		{F431F556-155B-42CC-A24A-7C7FFC03CEA9}.RND|Any CPU.ActiveCfg = Release|Any CPU
		{F431F556-155B-42CC-A24A-7C7FFC03CEA9}.RND|Any CPU.Build.0 = Release|Any CPU
		{F431F556-155B-42CC-A24A-7C7FFC03CEA9}.RND|Mixed Platforms.ActiveCfg = Release|Any CPU
		{F431F556-155B-42CC-A24A-7C7FFC03CEA9}.RND|Mixed Platforms.Build.0 = Release|Any CPU
		{F431F556-155B-42CC-A24A-7C7FFC03CEA9}.RND|x86.ActiveCfg = Release|Any CPU
		{518D8408-E160-4C14-B9A2-5770B7A7492A}.Debug|Any CPU.ActiveCfg = Debug|Any CPU
		{518D8408-E160-4C14-B9A2-5770B7A7492A}.Debug|Any CPU.Build.0 = Debug|Any CPU
		{518D8408-E160-4C14-B9A2-5770B7A7492A}.Debug|Mixed Platforms.ActiveCfg = Debug|Any CPU
		{518D8408-E160-4C14-B9A2-5770B7A7492A}.Debug|Mixed Platforms.Build.0 = Debug|Any CPU
		{518D8408-E160-4C14-B9A2-5770B7A7492A}.Debug|x86.ActiveCfg = Debug|Any CPU
		{518D8408-E160-4C14-B9A2-5770B7A7492A}.Release|Any CPU.ActiveCfg = Release|Any CPU
		{518D8408-E160-4C14-B9A2-5770B7A7492A}.Release|Any CPU.Build.0 = Release|Any CPU
		{518D8408-E160-4C14-B9A2-5770B7A7492A}.Release|Mixed Platforms.ActiveCfg = Release|Any CPU
		{518D8408-E160-4C14-B9A2-5770B7A7492A}.Release|Mixed Platforms.Build.0 = Release|Any CPU
		{518D8408-E160-4C14-B9A2-5770B7A7492A}.Release|x86.ActiveCfg = Release|Any CPU
		{518D8408-E160-4C14-B9A2-5770B7A7492A}.RND|Any CPU.ActiveCfg = RND|Any CPU
		{518D8408-E160-4C14-B9A2-5770B7A7492A}.RND|Any CPU.Build.0 = RND|Any CPU
		{518D8408-E160-4C14-B9A2-5770B7A7492A}.RND|Mixed Platforms.ActiveCfg = RND|Any CPU
		{518D8408-E160-4C14-B9A2-5770B7A7492A}.RND|Mixed Platforms.Build.0 = RND|Any CPU
		{518D8408-E160-4C14-B9A2-5770B7A7492A}.RND|x86.ActiveCfg = RND|Any CPU
		{94821D05-B609-43D3-9DC2-4894B2B83420}.Debug|Any CPU.ActiveCfg = Debug|Any CPU
		{94821D05-B609-43D3-9DC2-4894B2B83420}.Debug|Any CPU.Build.0 = Debug|Any CPU
		{94821D05-B609-43D3-9DC2-4894B2B83420}.Debug|Mixed Platforms.ActiveCfg = Debug|Any CPU
		{94821D05-B609-43D3-9DC2-4894B2B83420}.Debug|Mixed Platforms.Build.0 = Debug|Any CPU
		{94821D05-B609-43D3-9DC2-4894B2B83420}.Debug|x86.ActiveCfg = Debug|Any CPU
		{94821D05-B609-43D3-9DC2-4894B2B83420}.Release|Any CPU.ActiveCfg = Release|Any CPU
		{94821D05-B609-43D3-9DC2-4894B2B83420}.Release|Any CPU.Build.0 = Release|Any CPU
		{94821D05-B609-43D3-9DC2-4894B2B83420}.Release|Mixed Platforms.ActiveCfg = Release|Any CPU
		{94821D05-B609-43D3-9DC2-4894B2B83420}.Release|Mixed Platforms.Build.0 = Release|Any CPU
		{94821D05-B609-43D3-9DC2-4894B2B83420}.Release|x86.ActiveCfg = Release|Any CPU
		{94821D05-B609-43D3-9DC2-4894B2B83420}.RND|Any CPU.ActiveCfg = RND|Any CPU
		{94821D05-B609-43D3-9DC2-4894B2B83420}.RND|Any CPU.Build.0 = RND|Any CPU
		{94821D05-B609-43D3-9DC2-4894B2B83420}.RND|Mixed Platforms.ActiveCfg = RND|Any CPU
		{94821D05-B609-43D3-9DC2-4894B2B83420}.RND|Mixed Platforms.Build.0 = RND|Any CPU
		{94821D05-B609-43D3-9DC2-4894B2B83420}.RND|x86.ActiveCfg = RND|Any CPU
		{3802C9D7-5433-4071-BD6C-ECAC025F397E}.Debug|Any CPU.ActiveCfg = Debug|Any CPU
		{3802C9D7-5433-4071-BD6C-ECAC025F397E}.Debug|Any CPU.Build.0 = Debug|Any CPU
		{3802C9D7-5433-4071-BD6C-ECAC025F397E}.Debug|Mixed Platforms.ActiveCfg = Debug|Any CPU
		{3802C9D7-5433-4071-BD6C-ECAC025F397E}.Debug|Mixed Platforms.Build.0 = Debug|Any CPU
		{3802C9D7-5433-4071-BD6C-ECAC025F397E}.Debug|x86.ActiveCfg = Debug|Any CPU
		{3802C9D7-5433-4071-BD6C-ECAC025F397E}.Release|Any CPU.ActiveCfg = Release|Any CPU
		{3802C9D7-5433-4071-BD6C-ECAC025F397E}.Release|Any CPU.Build.0 = Release|Any CPU
		{3802C9D7-5433-4071-BD6C-ECAC025F397E}.Release|Mixed Platforms.ActiveCfg = Release|Any CPU
		{3802C9D7-5433-4071-BD6C-ECAC025F397E}.Release|Mixed Platforms.Build.0 = Release|Any CPU
		{3802C9D7-5433-4071-BD6C-ECAC025F397E}.Release|x86.ActiveCfg = Release|Any CPU
		{3802C9D7-5433-4071-BD6C-ECAC025F397E}.RND|Any CPU.ActiveCfg = RND|Any CPU
		{3802C9D7-5433-4071-BD6C-ECAC025F397E}.RND|Any CPU.Build.0 = RND|Any CPU
		{3802C9D7-5433-4071-BD6C-ECAC025F397E}.RND|Mixed Platforms.ActiveCfg = RND|Any CPU
		{3802C9D7-5433-4071-BD6C-ECAC025F397E}.RND|Mixed Platforms.Build.0 = RND|Any CPU
		{3802C9D7-5433-4071-BD6C-ECAC025F397E}.RND|x86.ActiveCfg = RND|Any CPU
		{14BF7218-ADC4-4CD9-B867-F2045B5BD4BA}.Debug|Any CPU.ActiveCfg = Debug|Any CPU
		{14BF7218-ADC4-4CD9-B867-F2045B5BD4BA}.Debug|Any CPU.Build.0 = Debug|Any CPU
		{14BF7218-ADC4-4CD9-B867-F2045B5BD4BA}.Debug|Mixed Platforms.ActiveCfg = Debug|Any CPU
		{14BF7218-ADC4-4CD9-B867-F2045B5BD4BA}.Debug|Mixed Platforms.Build.0 = Debug|Any CPU
		{14BF7218-ADC4-4CD9-B867-F2045B5BD4BA}.Debug|x86.ActiveCfg = Debug|Any CPU
		{14BF7218-ADC4-4CD9-B867-F2045B5BD4BA}.Release|Any CPU.ActiveCfg = Release|Any CPU
		{14BF7218-ADC4-4CD9-B867-F2045B5BD4BA}.Release|Any CPU.Build.0 = Release|Any CPU
		{14BF7218-ADC4-4CD9-B867-F2045B5BD4BA}.Release|Mixed Platforms.ActiveCfg = Release|Any CPU
		{14BF7218-ADC4-4CD9-B867-F2045B5BD4BA}.Release|Mixed Platforms.Build.0 = Release|Any CPU
		{14BF7218-ADC4-4CD9-B867-F2045B5BD4BA}.Release|x86.ActiveCfg = Release|Any CPU
		{14BF7218-ADC4-4CD9-B867-F2045B5BD4BA}.RND|Any CPU.ActiveCfg = RND|Any CPU
		{14BF7218-ADC4-4CD9-B867-F2045B5BD4BA}.RND|Any CPU.Build.0 = RND|Any CPU
		{14BF7218-ADC4-4CD9-B867-F2045B5BD4BA}.RND|Mixed Platforms.ActiveCfg = RND|Any CPU
		{14BF7218-ADC4-4CD9-B867-F2045B5BD4BA}.RND|Mixed Platforms.Build.0 = RND|Any CPU
		{14BF7218-ADC4-4CD9-B867-F2045B5BD4BA}.RND|x86.ActiveCfg = RND|Any CPU
		{2199970F-471E-4486-984E-31F347B2E934}.Debug|Any CPU.ActiveCfg = Debug|Any CPU
		{2199970F-471E-4486-984E-31F347B2E934}.Debug|Any CPU.Build.0 = Debug|Any CPU
		{2199970F-471E-4486-984E-31F347B2E934}.Debug|Mixed Platforms.ActiveCfg = Debug|Any CPU
		{2199970F-471E-4486-984E-31F347B2E934}.Debug|Mixed Platforms.Build.0 = Debug|Any CPU
		{2199970F-471E-4486-984E-31F347B2E934}.Debug|x86.ActiveCfg = Debug|Any CPU
		{2199970F-471E-4486-984E-31F347B2E934}.Release|Any CPU.ActiveCfg = Release|Any CPU
		{2199970F-471E-4486-984E-31F347B2E934}.Release|Any CPU.Build.0 = Release|Any CPU
		{2199970F-471E-4486-984E-31F347B2E934}.Release|Mixed Platforms.ActiveCfg = Release|Any CPU
		{2199970F-471E-4486-984E-31F347B2E934}.Release|Mixed Platforms.Build.0 = Release|Any CPU
		{2199970F-471E-4486-984E-31F347B2E934}.Release|x86.ActiveCfg = Release|Any CPU
		{2199970F-471E-4486-984E-31F347B2E934}.RND|Any CPU.ActiveCfg = RND|Any CPU
		{2199970F-471E-4486-984E-31F347B2E934}.RND|Any CPU.Build.0 = RND|Any CPU
		{2199970F-471E-4486-984E-31F347B2E934}.RND|Mixed Platforms.ActiveCfg = RND|Any CPU
		{2199970F-471E-4486-984E-31F347B2E934}.RND|Mixed Platforms.Build.0 = RND|Any CPU
		{2199970F-471E-4486-984E-31F347B2E934}.RND|x86.ActiveCfg = RND|Any CPU
		{EA551D83-FFCB-4807-A490-E9F6592EA0F8}.Debug|Any CPU.ActiveCfg = Debug|Any CPU
		{EA551D83-FFCB-4807-A490-E9F6592EA0F8}.Debug|Any CPU.Build.0 = Debug|Any CPU
		{EA551D83-FFCB-4807-A490-E9F6592EA0F8}.Debug|Mixed Platforms.ActiveCfg = Debug|Any CPU
		{EA551D83-FFCB-4807-A490-E9F6592EA0F8}.Debug|Mixed Platforms.Build.0 = Debug|Any CPU
		{EA551D83-FFCB-4807-A490-E9F6592EA0F8}.Debug|x86.ActiveCfg = Debug|Any CPU
		{EA551D83-FFCB-4807-A490-E9F6592EA0F8}.Release|Any CPU.ActiveCfg = Release|Any CPU
		{EA551D83-FFCB-4807-A490-E9F6592EA0F8}.Release|Any CPU.Build.0 = Release|Any CPU
		{EA551D83-FFCB-4807-A490-E9F6592EA0F8}.Release|Mixed Platforms.ActiveCfg = Release|Any CPU
		{EA551D83-FFCB-4807-A490-E9F6592EA0F8}.Release|Mixed Platforms.Build.0 = Release|Any CPU
		{EA551D83-FFCB-4807-A490-E9F6592EA0F8}.Release|x86.ActiveCfg = Release|Any CPU
		{EA551D83-FFCB-4807-A490-E9F6592EA0F8}.RND|Any CPU.ActiveCfg = RND|Any CPU
		{EA551D83-FFCB-4807-A490-E9F6592EA0F8}.RND|Any CPU.Build.0 = RND|Any CPU
		{EA551D83-FFCB-4807-A490-E9F6592EA0F8}.RND|Mixed Platforms.ActiveCfg = RND|Any CPU
		{EA551D83-FFCB-4807-A490-E9F6592EA0F8}.RND|Mixed Platforms.Build.0 = RND|Any CPU
		{EA551D83-FFCB-4807-A490-E9F6592EA0F8}.RND|x86.ActiveCfg = RND|Any CPU
		{75AC97CC-FA68-49F7-951D-734344F97B03}.Debug|Any CPU.ActiveCfg = Debug|Any CPU
		{75AC97CC-FA68-49F7-951D-734344F97B03}.Debug|Any CPU.Build.0 = Debug|Any CPU
		{75AC97CC-FA68-49F7-951D-734344F97B03}.Debug|Mixed Platforms.ActiveCfg = Debug|Any CPU
		{75AC97CC-FA68-49F7-951D-734344F97B03}.Debug|Mixed Platforms.Build.0 = Debug|Any CPU
		{75AC97CC-FA68-49F7-951D-734344F97B03}.Debug|x86.ActiveCfg = Debug|Any CPU
		{75AC97CC-FA68-49F7-951D-734344F97B03}.Release|Any CPU.ActiveCfg = Release|Any CPU
		{75AC97CC-FA68-49F7-951D-734344F97B03}.Release|Any CPU.Build.0 = Release|Any CPU
		{75AC97CC-FA68-49F7-951D-734344F97B03}.Release|Mixed Platforms.ActiveCfg = Release|Any CPU
		{75AC97CC-FA68-49F7-951D-734344F97B03}.Release|Mixed Platforms.Build.0 = Release|Any CPU
		{75AC97CC-FA68-49F7-951D-734344F97B03}.Release|x86.ActiveCfg = Release|Any CPU
		{75AC97CC-FA68-49F7-951D-734344F97B03}.RND|Any CPU.ActiveCfg = RND|Any CPU
		{75AC97CC-FA68-49F7-951D-734344F97B03}.RND|Any CPU.Build.0 = RND|Any CPU
		{75AC97CC-FA68-49F7-951D-734344F97B03}.RND|Mixed Platforms.ActiveCfg = RND|Any CPU
		{75AC97CC-FA68-49F7-951D-734344F97B03}.RND|Mixed Platforms.Build.0 = RND|Any CPU
		{75AC97CC-FA68-49F7-951D-734344F97B03}.RND|x86.ActiveCfg = RND|Any CPU
		{027C05AA-0FA8-46D5-AA66-90F5B6E4DD26}.Debug|Any CPU.ActiveCfg = Debug|Any CPU
		{027C05AA-0FA8-46D5-AA66-90F5B6E4DD26}.Debug|Any CPU.Build.0 = Debug|Any CPU
		{027C05AA-0FA8-46D5-AA66-90F5B6E4DD26}.Debug|Mixed Platforms.ActiveCfg = Debug|Any CPU
		{027C05AA-0FA8-46D5-AA66-90F5B6E4DD26}.Debug|Mixed Platforms.Build.0 = Debug|Any CPU
		{027C05AA-0FA8-46D5-AA66-90F5B6E4DD26}.Debug|x86.ActiveCfg = Debug|Any CPU
		{027C05AA-0FA8-46D5-AA66-90F5B6E4DD26}.Release|Any CPU.ActiveCfg = Release|Any CPU
		{027C05AA-0FA8-46D5-AA66-90F5B6E4DD26}.Release|Any CPU.Build.0 = Release|Any CPU
		{027C05AA-0FA8-46D5-AA66-90F5B6E4DD26}.Release|Mixed Platforms.ActiveCfg = Release|Any CPU
		{027C05AA-0FA8-46D5-AA66-90F5B6E4DD26}.Release|Mixed Platforms.Build.0 = Release|Any CPU
		{027C05AA-0FA8-46D5-AA66-90F5B6E4DD26}.Release|x86.ActiveCfg = Release|Any CPU
		{027C05AA-0FA8-46D5-AA66-90F5B6E4DD26}.RND|Any CPU.ActiveCfg = RND|Any CPU
		{027C05AA-0FA8-46D5-AA66-90F5B6E4DD26}.RND|Any CPU.Build.0 = RND|Any CPU
		{027C05AA-0FA8-46D5-AA66-90F5B6E4DD26}.RND|Mixed Platforms.ActiveCfg = RND|Any CPU
		{027C05AA-0FA8-46D5-AA66-90F5B6E4DD26}.RND|Mixed Platforms.Build.0 = RND|Any CPU
		{027C05AA-0FA8-46D5-AA66-90F5B6E4DD26}.RND|x86.ActiveCfg = RND|Any CPU
		{2292D610-29BB-459C-90D3-2E5A422957FB}.Debug|Any CPU.ActiveCfg = Debug|Any CPU
		{2292D610-29BB-459C-90D3-2E5A422957FB}.Debug|Any CPU.Build.0 = Debug|Any CPU
		{2292D610-29BB-459C-90D3-2E5A422957FB}.Debug|Mixed Platforms.ActiveCfg = Debug|Any CPU
		{2292D610-29BB-459C-90D3-2E5A422957FB}.Debug|Mixed Platforms.Build.0 = Debug|Any CPU
		{2292D610-29BB-459C-90D3-2E5A422957FB}.Debug|x86.ActiveCfg = Debug|Any CPU
		{2292D610-29BB-459C-90D3-2E5A422957FB}.Release|Any CPU.ActiveCfg = Release|Any CPU
		{2292D610-29BB-459C-90D3-2E5A422957FB}.Release|Any CPU.Build.0 = Release|Any CPU
		{2292D610-29BB-459C-90D3-2E5A422957FB}.Release|Mixed Platforms.ActiveCfg = Release|Any CPU
		{2292D610-29BB-459C-90D3-2E5A422957FB}.Release|Mixed Platforms.Build.0 = Release|Any CPU
		{2292D610-29BB-459C-90D3-2E5A422957FB}.Release|x86.ActiveCfg = Release|Any CPU
		{2292D610-29BB-459C-90D3-2E5A422957FB}.RND|Any CPU.ActiveCfg = RND|Any CPU
		{2292D610-29BB-459C-90D3-2E5A422957FB}.RND|Any CPU.Build.0 = RND|Any CPU
		{2292D610-29BB-459C-90D3-2E5A422957FB}.RND|Mixed Platforms.ActiveCfg = RND|Any CPU
		{2292D610-29BB-459C-90D3-2E5A422957FB}.RND|Mixed Platforms.Build.0 = RND|Any CPU
		{2292D610-29BB-459C-90D3-2E5A422957FB}.RND|x86.ActiveCfg = RND|Any CPU
		{8B965B65-2286-4F02-B1BC-8E126C22BCFB}.Debug|Any CPU.ActiveCfg = Debug|Any CPU
		{8B965B65-2286-4F02-B1BC-8E126C22BCFB}.Debug|Any CPU.Build.0 = Debug|Any CPU
		{8B965B65-2286-4F02-B1BC-8E126C22BCFB}.Debug|Mixed Platforms.ActiveCfg = Debug|Any CPU
		{8B965B65-2286-4F02-B1BC-8E126C22BCFB}.Debug|Mixed Platforms.Build.0 = Debug|Any CPU
		{8B965B65-2286-4F02-B1BC-8E126C22BCFB}.Debug|x86.ActiveCfg = Debug|Any CPU
		{8B965B65-2286-4F02-B1BC-8E126C22BCFB}.Release|Any CPU.ActiveCfg = Release|Any CPU
		{8B965B65-2286-4F02-B1BC-8E126C22BCFB}.Release|Any CPU.Build.0 = Release|Any CPU
		{8B965B65-2286-4F02-B1BC-8E126C22BCFB}.Release|Mixed Platforms.ActiveCfg = Release|Any CPU
		{8B965B65-2286-4F02-B1BC-8E126C22BCFB}.Release|Mixed Platforms.Build.0 = Release|Any CPU
		{8B965B65-2286-4F02-B1BC-8E126C22BCFB}.Release|x86.ActiveCfg = Release|Any CPU
		{8B965B65-2286-4F02-B1BC-8E126C22BCFB}.RND|Any CPU.ActiveCfg = RND|Any CPU
		{8B965B65-2286-4F02-B1BC-8E126C22BCFB}.RND|Any CPU.Build.0 = RND|Any CPU
		{8B965B65-2286-4F02-B1BC-8E126C22BCFB}.RND|Mixed Platforms.ActiveCfg = RND|Any CPU
		{8B965B65-2286-4F02-B1BC-8E126C22BCFB}.RND|Mixed Platforms.Build.0 = RND|Any CPU
		{8B965B65-2286-4F02-B1BC-8E126C22BCFB}.RND|x86.ActiveCfg = RND|Any CPU
		{70CFC4F0-A0CC-432C-98AC-650F1444363B}.Debug|Any CPU.ActiveCfg = Debug|Any CPU
		{70CFC4F0-A0CC-432C-98AC-650F1444363B}.Debug|Any CPU.Build.0 = Debug|Any CPU
		{70CFC4F0-A0CC-432C-98AC-650F1444363B}.Debug|Mixed Platforms.ActiveCfg = Debug|Any CPU
		{70CFC4F0-A0CC-432C-98AC-650F1444363B}.Debug|Mixed Platforms.Build.0 = Debug|Any CPU
		{70CFC4F0-A0CC-432C-98AC-650F1444363B}.Debug|x86.ActiveCfg = Debug|Any CPU
		{70CFC4F0-A0CC-432C-98AC-650F1444363B}.Release|Any CPU.ActiveCfg = Release|Any CPU
		{70CFC4F0-A0CC-432C-98AC-650F1444363B}.Release|Any CPU.Build.0 = Release|Any CPU
		{70CFC4F0-A0CC-432C-98AC-650F1444363B}.Release|Mixed Platforms.ActiveCfg = Release|Any CPU
		{70CFC4F0-A0CC-432C-98AC-650F1444363B}.Release|Mixed Platforms.Build.0 = Release|Any CPU
		{70CFC4F0-A0CC-432C-98AC-650F1444363B}.Release|x86.ActiveCfg = Release|Any CPU
		{70CFC4F0-A0CC-432C-98AC-650F1444363B}.RND|Any CPU.ActiveCfg = RND|Any CPU
		{70CFC4F0-A0CC-432C-98AC-650F1444363B}.RND|Any CPU.Build.0 = RND|Any CPU
		{70CFC4F0-A0CC-432C-98AC-650F1444363B}.RND|Mixed Platforms.ActiveCfg = RND|Any CPU
		{70CFC4F0-A0CC-432C-98AC-650F1444363B}.RND|Mixed Platforms.Build.0 = RND|Any CPU
		{70CFC4F0-A0CC-432C-98AC-650F1444363B}.RND|x86.ActiveCfg = RND|Any CPU
		{E6E40BCA-AC67-4FAE-8CC5-B5B20FBA7176}.Debug|Any CPU.ActiveCfg = Debug|Any CPU
		{E6E40BCA-AC67-4FAE-8CC5-B5B20FBA7176}.Debug|Any CPU.Build.0 = Debug|Any CPU
		{E6E40BCA-AC67-4FAE-8CC5-B5B20FBA7176}.Debug|Mixed Platforms.ActiveCfg = Debug|Any CPU
		{E6E40BCA-AC67-4FAE-8CC5-B5B20FBA7176}.Debug|Mixed Platforms.Build.0 = Debug|Any CPU
		{E6E40BCA-AC67-4FAE-8CC5-B5B20FBA7176}.Debug|x86.ActiveCfg = Debug|Any CPU
		{E6E40BCA-AC67-4FAE-8CC5-B5B20FBA7176}.Release|Any CPU.ActiveCfg = Release|Any CPU
		{E6E40BCA-AC67-4FAE-8CC5-B5B20FBA7176}.Release|Any CPU.Build.0 = Release|Any CPU
		{E6E40BCA-AC67-4FAE-8CC5-B5B20FBA7176}.Release|Mixed Platforms.ActiveCfg = Release|Any CPU
		{E6E40BCA-AC67-4FAE-8CC5-B5B20FBA7176}.Release|Mixed Platforms.Build.0 = Release|Any CPU
		{E6E40BCA-AC67-4FAE-8CC5-B5B20FBA7176}.Release|x86.ActiveCfg = Release|Any CPU
		{E6E40BCA-AC67-4FAE-8CC5-B5B20FBA7176}.RND|Any CPU.ActiveCfg = RND|Any CPU
		{E6E40BCA-AC67-4FAE-8CC5-B5B20FBA7176}.RND|Any CPU.Build.0 = RND|Any CPU
		{E6E40BCA-AC67-4FAE-8CC5-B5B20FBA7176}.RND|Mixed Platforms.ActiveCfg = RND|Any CPU
		{E6E40BCA-AC67-4FAE-8CC5-B5B20FBA7176}.RND|Mixed Platforms.Build.0 = RND|Any CPU
		{E6E40BCA-AC67-4FAE-8CC5-B5B20FBA7176}.RND|x86.ActiveCfg = RND|Any CPU
		{9209C028-7AA1-4BAA-8321-CAF75571E0F9}.Debug|Any CPU.ActiveCfg = Debug|Any CPU
		{9209C028-7AA1-4BAA-8321-CAF75571E0F9}.Debug|Any CPU.Build.0 = Debug|Any CPU
		{9209C028-7AA1-4BAA-8321-CAF75571E0F9}.Debug|Mixed Platforms.ActiveCfg = Debug|Any CPU
		{9209C028-7AA1-4BAA-8321-CAF75571E0F9}.Debug|Mixed Platforms.Build.0 = Debug|Any CPU
		{9209C028-7AA1-4BAA-8321-CAF75571E0F9}.Debug|x86.ActiveCfg = Debug|Any CPU
		{9209C028-7AA1-4BAA-8321-CAF75571E0F9}.Release|Any CPU.ActiveCfg = Release|Any CPU
		{9209C028-7AA1-4BAA-8321-CAF75571E0F9}.Release|Any CPU.Build.0 = Release|Any CPU
		{9209C028-7AA1-4BAA-8321-CAF75571E0F9}.Release|Mixed Platforms.ActiveCfg = Release|Any CPU
		{9209C028-7AA1-4BAA-8321-CAF75571E0F9}.Release|Mixed Platforms.Build.0 = Release|Any CPU
		{9209C028-7AA1-4BAA-8321-CAF75571E0F9}.Release|x86.ActiveCfg = Release|Any CPU
		{9209C028-7AA1-4BAA-8321-CAF75571E0F9}.RND|Any CPU.ActiveCfg = Release|Any CPU
		{9209C028-7AA1-4BAA-8321-CAF75571E0F9}.RND|Any CPU.Build.0 = Release|Any CPU
		{9209C028-7AA1-4BAA-8321-CAF75571E0F9}.RND|Mixed Platforms.ActiveCfg = Release|Any CPU
		{9209C028-7AA1-4BAA-8321-CAF75571E0F9}.RND|Mixed Platforms.Build.0 = Release|Any CPU
		{9209C028-7AA1-4BAA-8321-CAF75571E0F9}.RND|x86.ActiveCfg = Release|Any CPU
		{0A0626BF-5555-4622-BCBF-54A3E55F5071}.Debug|Any CPU.ActiveCfg = Debug|Any CPU
		{0A0626BF-5555-4622-BCBF-54A3E55F5071}.Debug|Any CPU.Build.0 = Debug|Any CPU
		{0A0626BF-5555-4622-BCBF-54A3E55F5071}.Debug|Mixed Platforms.ActiveCfg = Debug|Any CPU
		{0A0626BF-5555-4622-BCBF-54A3E55F5071}.Debug|Mixed Platforms.Build.0 = Debug|Any CPU
		{0A0626BF-5555-4622-BCBF-54A3E55F5071}.Debug|x86.ActiveCfg = Debug|Any CPU
		{0A0626BF-5555-4622-BCBF-54A3E55F5071}.Release|Any CPU.ActiveCfg = Release|Any CPU
		{0A0626BF-5555-4622-BCBF-54A3E55F5071}.Release|Any CPU.Build.0 = Release|Any CPU
		{0A0626BF-5555-4622-BCBF-54A3E55F5071}.Release|Mixed Platforms.ActiveCfg = Release|Any CPU
		{0A0626BF-5555-4622-BCBF-54A3E55F5071}.Release|Mixed Platforms.Build.0 = Release|Any CPU
		{0A0626BF-5555-4622-BCBF-54A3E55F5071}.Release|x86.ActiveCfg = Release|Any CPU
		{0A0626BF-5555-4622-BCBF-54A3E55F5071}.RND|Any CPU.ActiveCfg = Release|Any CPU
		{0A0626BF-5555-4622-BCBF-54A3E55F5071}.RND|Any CPU.Build.0 = Release|Any CPU
		{0A0626BF-5555-4622-BCBF-54A3E55F5071}.RND|Mixed Platforms.ActiveCfg = Release|Any CPU
		{0A0626BF-5555-4622-BCBF-54A3E55F5071}.RND|Mixed Platforms.Build.0 = Release|Any CPU
		{0A0626BF-5555-4622-BCBF-54A3E55F5071}.RND|x86.ActiveCfg = Release|Any CPU
		{B574F6F0-AE0B-4DE8-A273-39A024CF8BB8}.Debug|Any CPU.ActiveCfg = Debug|Any CPU
		{B574F6F0-AE0B-4DE8-A273-39A024CF8BB8}.Debug|Any CPU.Build.0 = Debug|Any CPU
		{B574F6F0-AE0B-4DE8-A273-39A024CF8BB8}.Debug|Mixed Platforms.ActiveCfg = Debug|Any CPU
		{B574F6F0-AE0B-4DE8-A273-39A024CF8BB8}.Debug|Mixed Platforms.Build.0 = Debug|Any CPU
		{B574F6F0-AE0B-4DE8-A273-39A024CF8BB8}.Debug|x86.ActiveCfg = Debug|Any CPU
		{B574F6F0-AE0B-4DE8-A273-39A024CF8BB8}.Release|Any CPU.ActiveCfg = Release|Any CPU
		{B574F6F0-AE0B-4DE8-A273-39A024CF8BB8}.Release|Any CPU.Build.0 = Release|Any CPU
		{B574F6F0-AE0B-4DE8-A273-39A024CF8BB8}.Release|Mixed Platforms.ActiveCfg = Release|Any CPU
		{B574F6F0-AE0B-4DE8-A273-39A024CF8BB8}.Release|Mixed Platforms.Build.0 = Release|Any CPU
		{B574F6F0-AE0B-4DE8-A273-39A024CF8BB8}.Release|x86.ActiveCfg = Release|Any CPU
		{B574F6F0-AE0B-4DE8-A273-39A024CF8BB8}.RND|Any CPU.ActiveCfg = Release|Any CPU
		{B574F6F0-AE0B-4DE8-A273-39A024CF8BB8}.RND|Any CPU.Build.0 = Release|Any CPU
		{B574F6F0-AE0B-4DE8-A273-39A024CF8BB8}.RND|Mixed Platforms.ActiveCfg = Release|Any CPU
		{B574F6F0-AE0B-4DE8-A273-39A024CF8BB8}.RND|Mixed Platforms.Build.0 = Release|Any CPU
		{B574F6F0-AE0B-4DE8-A273-39A024CF8BB8}.RND|x86.ActiveCfg = Release|Any CPU
		{3D69280C-E684-49F6-8E13-C4A7D36CB499}.Debug|Any CPU.ActiveCfg = Debug|Any CPU
		{3D69280C-E684-49F6-8E13-C4A7D36CB499}.Debug|Any CPU.Build.0 = Debug|Any CPU
		{3D69280C-E684-49F6-8E13-C4A7D36CB499}.Debug|Mixed Platforms.ActiveCfg = Debug|Any CPU
		{3D69280C-E684-49F6-8E13-C4A7D36CB499}.Debug|Mixed Platforms.Build.0 = Debug|Any CPU
		{3D69280C-E684-49F6-8E13-C4A7D36CB499}.Debug|x86.ActiveCfg = Debug|Any CPU
		{3D69280C-E684-49F6-8E13-C4A7D36CB499}.Release|Any CPU.ActiveCfg = Release|Any CPU
		{3D69280C-E684-49F6-8E13-C4A7D36CB499}.Release|Any CPU.Build.0 = Release|Any CPU
		{3D69280C-E684-49F6-8E13-C4A7D36CB499}.Release|Mixed Platforms.ActiveCfg = Release|Any CPU
		{3D69280C-E684-49F6-8E13-C4A7D36CB499}.Release|Mixed Platforms.Build.0 = Release|Any CPU
		{3D69280C-E684-49F6-8E13-C4A7D36CB499}.Release|x86.ActiveCfg = Release|Any CPU
		{3D69280C-E684-49F6-8E13-C4A7D36CB499}.RND|Any CPU.ActiveCfg = Release|Any CPU
		{3D69280C-E684-49F6-8E13-C4A7D36CB499}.RND|Any CPU.Build.0 = Release|Any CPU
		{3D69280C-E684-49F6-8E13-C4A7D36CB499}.RND|Mixed Platforms.ActiveCfg = Release|Any CPU
		{3D69280C-E684-49F6-8E13-C4A7D36CB499}.RND|Mixed Platforms.Build.0 = Release|Any CPU
		{3D69280C-E684-49F6-8E13-C4A7D36CB499}.RND|x86.ActiveCfg = Release|Any CPU
		{46AEFAA9-DBB1-46EC-B25E-3F40687311FB}.Debug|Any CPU.ActiveCfg = Debug|Any CPU
		{46AEFAA9-DBB1-46EC-B25E-3F40687311FB}.Debug|Any CPU.Build.0 = Debug|Any CPU
		{46AEFAA9-DBB1-46EC-B25E-3F40687311FB}.Debug|Mixed Platforms.ActiveCfg = Debug|Any CPU
		{46AEFAA9-DBB1-46EC-B25E-3F40687311FB}.Debug|Mixed Platforms.Build.0 = Debug|Any CPU
		{46AEFAA9-DBB1-46EC-B25E-3F40687311FB}.Debug|x86.ActiveCfg = Debug|Any CPU
		{46AEFAA9-DBB1-46EC-B25E-3F40687311FB}.Release|Any CPU.ActiveCfg = Release|Any CPU
		{46AEFAA9-DBB1-46EC-B25E-3F40687311FB}.Release|Any CPU.Build.0 = Release|Any CPU
		{46AEFAA9-DBB1-46EC-B25E-3F40687311FB}.Release|Mixed Platforms.ActiveCfg = Release|Any CPU
		{46AEFAA9-DBB1-46EC-B25E-3F40687311FB}.Release|Mixed Platforms.Build.0 = Release|Any CPU
		{46AEFAA9-DBB1-46EC-B25E-3F40687311FB}.Release|x86.ActiveCfg = Release|Any CPU
		{46AEFAA9-DBB1-46EC-B25E-3F40687311FB}.RND|Any CPU.ActiveCfg = Release|Any CPU
		{46AEFAA9-DBB1-46EC-B25E-3F40687311FB}.RND|Any CPU.Build.0 = Release|Any CPU
		{46AEFAA9-DBB1-46EC-B25E-3F40687311FB}.RND|Mixed Platforms.ActiveCfg = Release|Any CPU
		{46AEFAA9-DBB1-46EC-B25E-3F40687311FB}.RND|Mixed Platforms.Build.0 = Release|Any CPU
		{46AEFAA9-DBB1-46EC-B25E-3F40687311FB}.RND|x86.ActiveCfg = Release|Any CPU
		{21CE45F9-5F6C-4667-91AC-A8DA74728B44}.Debug|Any CPU.ActiveCfg = Debug|Any CPU
		{21CE45F9-5F6C-4667-91AC-A8DA74728B44}.Debug|Any CPU.Build.0 = Debug|Any CPU
		{21CE45F9-5F6C-4667-91AC-A8DA74728B44}.Debug|Mixed Platforms.ActiveCfg = Debug|Any CPU
		{21CE45F9-5F6C-4667-91AC-A8DA74728B44}.Debug|Mixed Platforms.Build.0 = Debug|Any CPU
		{21CE45F9-5F6C-4667-91AC-A8DA74728B44}.Debug|x86.ActiveCfg = Debug|Any CPU
		{21CE45F9-5F6C-4667-91AC-A8DA74728B44}.Release|Any CPU.ActiveCfg = Release|Any CPU
		{21CE45F9-5F6C-4667-91AC-A8DA74728B44}.Release|Any CPU.Build.0 = Release|Any CPU
		{21CE45F9-5F6C-4667-91AC-A8DA74728B44}.Release|Mixed Platforms.ActiveCfg = Release|Any CPU
		{21CE45F9-5F6C-4667-91AC-A8DA74728B44}.Release|Mixed Platforms.Build.0 = Release|Any CPU
		{21CE45F9-5F6C-4667-91AC-A8DA74728B44}.Release|x86.ActiveCfg = Release|Any CPU
		{21CE45F9-5F6C-4667-91AC-A8DA74728B44}.RND|Any CPU.ActiveCfg = Release|Any CPU
		{21CE45F9-5F6C-4667-91AC-A8DA74728B44}.RND|Any CPU.Build.0 = Release|Any CPU
		{21CE45F9-5F6C-4667-91AC-A8DA74728B44}.RND|Mixed Platforms.ActiveCfg = Release|Any CPU
		{21CE45F9-5F6C-4667-91AC-A8DA74728B44}.RND|Mixed Platforms.Build.0 = Release|Any CPU
		{21CE45F9-5F6C-4667-91AC-A8DA74728B44}.RND|x86.ActiveCfg = Release|Any CPU
		{8FE174E6-863C-4456-AB22-FE5071F48397}.Debug|Any CPU.ActiveCfg = Debug|Any CPU
		{8FE174E6-863C-4456-AB22-FE5071F48397}.Debug|Any CPU.Build.0 = Debug|Any CPU
		{8FE174E6-863C-4456-AB22-FE5071F48397}.Debug|Mixed Platforms.ActiveCfg = Debug|Any CPU
		{8FE174E6-863C-4456-AB22-FE5071F48397}.Debug|Mixed Platforms.Build.0 = Debug|Any CPU
		{8FE174E6-863C-4456-AB22-FE5071F48397}.Debug|x86.ActiveCfg = Debug|Any CPU
		{8FE174E6-863C-4456-AB22-FE5071F48397}.Release|Any CPU.ActiveCfg = Release|Any CPU
		{8FE174E6-863C-4456-AB22-FE5071F48397}.Release|Any CPU.Build.0 = Release|Any CPU
		{8FE174E6-863C-4456-AB22-FE5071F48397}.Release|Mixed Platforms.ActiveCfg = Release|Any CPU
		{8FE174E6-863C-4456-AB22-FE5071F48397}.Release|Mixed Platforms.Build.0 = Release|Any CPU
		{8FE174E6-863C-4456-AB22-FE5071F48397}.Release|x86.ActiveCfg = Release|Any CPU
		{8FE174E6-863C-4456-AB22-FE5071F48397}.RND|Any CPU.ActiveCfg = Release|Any CPU
		{8FE174E6-863C-4456-AB22-FE5071F48397}.RND|Any CPU.Build.0 = Release|Any CPU
		{8FE174E6-863C-4456-AB22-FE5071F48397}.RND|Mixed Platforms.ActiveCfg = Release|Any CPU
		{8FE174E6-863C-4456-AB22-FE5071F48397}.RND|Mixed Platforms.Build.0 = Release|Any CPU
		{8FE174E6-863C-4456-AB22-FE5071F48397}.RND|x86.ActiveCfg = Release|Any CPU
		{BE0167EB-4795-4525-8B41-2138FDFE8BB4}.Debug|Any CPU.ActiveCfg = Debug|x86
		{BE0167EB-4795-4525-8B41-2138FDFE8BB4}.Debug|Any CPU.Build.0 = Debug|x86
		{BE0167EB-4795-4525-8B41-2138FDFE8BB4}.Debug|Mixed Platforms.ActiveCfg = Debug|x86
		{BE0167EB-4795-4525-8B41-2138FDFE8BB4}.Debug|Mixed Platforms.Build.0 = Debug|x86
		{BE0167EB-4795-4525-8B41-2138FDFE8BB4}.Debug|x86.ActiveCfg = Debug|x86
		{BE0167EB-4795-4525-8B41-2138FDFE8BB4}.Debug|x86.Build.0 = Debug|x86
		{BE0167EB-4795-4525-8B41-2138FDFE8BB4}.Release|Any CPU.ActiveCfg = Release|x86
		{BE0167EB-4795-4525-8B41-2138FDFE8BB4}.Release|Any CPU.Build.0 = Release|x86
		{BE0167EB-4795-4525-8B41-2138FDFE8BB4}.Release|Mixed Platforms.ActiveCfg = Release|x86
		{BE0167EB-4795-4525-8B41-2138FDFE8BB4}.Release|Mixed Platforms.Build.0 = Release|x86
		{BE0167EB-4795-4525-8B41-2138FDFE8BB4}.Release|x86.ActiveCfg = Release|x86
		{BE0167EB-4795-4525-8B41-2138FDFE8BB4}.Release|x86.Build.0 = Release|x86
		{BE0167EB-4795-4525-8B41-2138FDFE8BB4}.RND|Any CPU.ActiveCfg = Release|x86
		{BE0167EB-4795-4525-8B41-2138FDFE8BB4}.RND|Any CPU.Build.0 = Release|x86
		{BE0167EB-4795-4525-8B41-2138FDFE8BB4}.RND|Mixed Platforms.ActiveCfg = Release|x86
		{BE0167EB-4795-4525-8B41-2138FDFE8BB4}.RND|Mixed Platforms.Build.0 = Release|x86
		{BE0167EB-4795-4525-8B41-2138FDFE8BB4}.RND|x86.ActiveCfg = Release|x86
		{BE0167EB-4795-4525-8B41-2138FDFE8BB4}.RND|x86.Build.0 = Release|x86
		{8356C640-ACAA-4EA6-B570-EBA0E9E24520}.Debug|Any CPU.ActiveCfg = Debug|Any CPU
		{8356C640-ACAA-4EA6-B570-EBA0E9E24520}.Debug|Any CPU.Build.0 = Debug|Any CPU
		{8356C640-ACAA-4EA6-B570-EBA0E9E24520}.Debug|Mixed Platforms.ActiveCfg = Debug|Any CPU
		{8356C640-ACAA-4EA6-B570-EBA0E9E24520}.Debug|Mixed Platforms.Build.0 = Debug|Any CPU
		{8356C640-ACAA-4EA6-B570-EBA0E9E24520}.Debug|x86.ActiveCfg = Debug|Any CPU
		{8356C640-ACAA-4EA6-B570-EBA0E9E24520}.Release|Any CPU.ActiveCfg = Release|Any CPU
		{8356C640-ACAA-4EA6-B570-EBA0E9E24520}.Release|Any CPU.Build.0 = Release|Any CPU
		{8356C640-ACAA-4EA6-B570-EBA0E9E24520}.Release|Mixed Platforms.ActiveCfg = Release|Any CPU
		{8356C640-ACAA-4EA6-B570-EBA0E9E24520}.Release|Mixed Platforms.Build.0 = Release|Any CPU
		{8356C640-ACAA-4EA6-B570-EBA0E9E24520}.Release|x86.ActiveCfg = Release|Any CPU
		{8356C640-ACAA-4EA6-B570-EBA0E9E24520}.RND|Any CPU.ActiveCfg = Release|Any CPU
		{8356C640-ACAA-4EA6-B570-EBA0E9E24520}.RND|Any CPU.Build.0 = Release|Any CPU
		{8356C640-ACAA-4EA6-B570-EBA0E9E24520}.RND|Mixed Platforms.ActiveCfg = Release|Any CPU
		{8356C640-ACAA-4EA6-B570-EBA0E9E24520}.RND|Mixed Platforms.Build.0 = Release|Any CPU
		{8356C640-ACAA-4EA6-B570-EBA0E9E24520}.RND|x86.ActiveCfg = Release|Any CPU
		{EAA33893-39AA-49AB-977F-379A81E205B2}.Debug|Any CPU.ActiveCfg = Debug|Any CPU
		{EAA33893-39AA-49AB-977F-379A81E205B2}.Debug|Any CPU.Build.0 = Debug|Any CPU
		{EAA33893-39AA-49AB-977F-379A81E205B2}.Debug|Mixed Platforms.ActiveCfg = Debug|Any CPU
		{EAA33893-39AA-49AB-977F-379A81E205B2}.Debug|Mixed Platforms.Build.0 = Debug|Any CPU
		{EAA33893-39AA-49AB-977F-379A81E205B2}.Debug|x86.ActiveCfg = Debug|Any CPU
		{EAA33893-39AA-49AB-977F-379A81E205B2}.Release|Any CPU.ActiveCfg = Release|Any CPU
		{EAA33893-39AA-49AB-977F-379A81E205B2}.Release|Any CPU.Build.0 = Release|Any CPU
		{EAA33893-39AA-49AB-977F-379A81E205B2}.Release|Mixed Platforms.ActiveCfg = Release|Any CPU
		{EAA33893-39AA-49AB-977F-379A81E205B2}.Release|Mixed Platforms.Build.0 = Release|Any CPU
		{EAA33893-39AA-49AB-977F-379A81E205B2}.Release|x86.ActiveCfg = Release|Any CPU
		{EAA33893-39AA-49AB-977F-379A81E205B2}.RND|Any CPU.ActiveCfg = Release|Any CPU
		{EAA33893-39AA-49AB-977F-379A81E205B2}.RND|Any CPU.Build.0 = Release|Any CPU
		{EAA33893-39AA-49AB-977F-379A81E205B2}.RND|Mixed Platforms.ActiveCfg = Release|Any CPU
		{EAA33893-39AA-49AB-977F-379A81E205B2}.RND|Mixed Platforms.Build.0 = Release|Any CPU
		{EAA33893-39AA-49AB-977F-379A81E205B2}.RND|x86.ActiveCfg = Release|Any CPU
		{59EC7B93-1F4D-486C-B0B5-EB20097AB101}.Debug|Any CPU.ActiveCfg = Debug|Any CPU
		{59EC7B93-1F4D-486C-B0B5-EB20097AB101}.Debug|Any CPU.Build.0 = Debug|Any CPU
		{59EC7B93-1F4D-486C-B0B5-EB20097AB101}.Debug|Mixed Platforms.ActiveCfg = Debug|Any CPU
		{59EC7B93-1F4D-486C-B0B5-EB20097AB101}.Debug|Mixed Platforms.Build.0 = Debug|Any CPU
		{59EC7B93-1F4D-486C-B0B5-EB20097AB101}.Debug|x86.ActiveCfg = Debug|Any CPU
		{59EC7B93-1F4D-486C-B0B5-EB20097AB101}.Release|Any CPU.ActiveCfg = Release|Any CPU
		{59EC7B93-1F4D-486C-B0B5-EB20097AB101}.Release|Any CPU.Build.0 = Release|Any CPU
		{59EC7B93-1F4D-486C-B0B5-EB20097AB101}.Release|Mixed Platforms.ActiveCfg = Release|Any CPU
		{59EC7B93-1F4D-486C-B0B5-EB20097AB101}.Release|Mixed Platforms.Build.0 = Release|Any CPU
		{59EC7B93-1F4D-486C-B0B5-EB20097AB101}.Release|x86.ActiveCfg = Release|Any CPU
		{59EC7B93-1F4D-486C-B0B5-EB20097AB101}.RND|Any CPU.ActiveCfg = Release|Any CPU
		{59EC7B93-1F4D-486C-B0B5-EB20097AB101}.RND|Any CPU.Build.0 = Release|Any CPU
		{59EC7B93-1F4D-486C-B0B5-EB20097AB101}.RND|Mixed Platforms.ActiveCfg = Release|Any CPU
		{59EC7B93-1F4D-486C-B0B5-EB20097AB101}.RND|Mixed Platforms.Build.0 = Release|Any CPU
		{59EC7B93-1F4D-486C-B0B5-EB20097AB101}.RND|x86.ActiveCfg = Release|Any CPU
		{C96DE633-168E-4153-9B12-A8487A94532B}.Debug|Any CPU.ActiveCfg = Debug|Any CPU
		{C96DE633-168E-4153-9B12-A8487A94532B}.Debug|Any CPU.Build.0 = Debug|Any CPU
		{C96DE633-168E-4153-9B12-A8487A94532B}.Debug|Mixed Platforms.ActiveCfg = Debug|Any CPU
		{C96DE633-168E-4153-9B12-A8487A94532B}.Debug|Mixed Platforms.Build.0 = Debug|Any CPU
		{C96DE633-168E-4153-9B12-A8487A94532B}.Debug|x86.ActiveCfg = Debug|Any CPU
		{C96DE633-168E-4153-9B12-A8487A94532B}.Release|Any CPU.ActiveCfg = Release|Any CPU
		{C96DE633-168E-4153-9B12-A8487A94532B}.Release|Any CPU.Build.0 = Release|Any CPU
		{C96DE633-168E-4153-9B12-A8487A94532B}.Release|Mixed Platforms.ActiveCfg = Release|Any CPU
		{C96DE633-168E-4153-9B12-A8487A94532B}.Release|Mixed Platforms.Build.0 = Release|Any CPU
		{C96DE633-168E-4153-9B12-A8487A94532B}.Release|x86.ActiveCfg = Release|Any CPU
		{C96DE633-168E-4153-9B12-A8487A94532B}.RND|Any CPU.ActiveCfg = Release|Any CPU
		{C96DE633-168E-4153-9B12-A8487A94532B}.RND|Any CPU.Build.0 = Release|Any CPU
		{C96DE633-168E-4153-9B12-A8487A94532B}.RND|Mixed Platforms.ActiveCfg = Release|Any CPU
		{C96DE633-168E-4153-9B12-A8487A94532B}.RND|Mixed Platforms.Build.0 = Release|Any CPU
		{C96DE633-168E-4153-9B12-A8487A94532B}.RND|x86.ActiveCfg = Release|Any CPU
		{45583E2D-187F-4F7E-B7C1-188A12A8644E}.Debug|Any CPU.ActiveCfg = Debug|Any CPU
		{45583E2D-187F-4F7E-B7C1-188A12A8644E}.Debug|Any CPU.Build.0 = Debug|Any CPU
		{45583E2D-187F-4F7E-B7C1-188A12A8644E}.Debug|Mixed Platforms.ActiveCfg = Debug|Any CPU
		{45583E2D-187F-4F7E-B7C1-188A12A8644E}.Debug|Mixed Platforms.Build.0 = Debug|Any CPU
		{45583E2D-187F-4F7E-B7C1-188A12A8644E}.Debug|x86.ActiveCfg = Debug|Any CPU
		{45583E2D-187F-4F7E-B7C1-188A12A8644E}.Release|Any CPU.ActiveCfg = Release|Any CPU
		{45583E2D-187F-4F7E-B7C1-188A12A8644E}.Release|Any CPU.Build.0 = Release|Any CPU
		{45583E2D-187F-4F7E-B7C1-188A12A8644E}.Release|Mixed Platforms.ActiveCfg = Release|Any CPU
		{45583E2D-187F-4F7E-B7C1-188A12A8644E}.Release|Mixed Platforms.Build.0 = Release|Any CPU
		{45583E2D-187F-4F7E-B7C1-188A12A8644E}.Release|x86.ActiveCfg = Release|Any CPU
		{45583E2D-187F-4F7E-B7C1-188A12A8644E}.RND|Any CPU.ActiveCfg = Release|Any CPU
		{45583E2D-187F-4F7E-B7C1-188A12A8644E}.RND|Any CPU.Build.0 = Release|Any CPU
		{45583E2D-187F-4F7E-B7C1-188A12A8644E}.RND|Mixed Platforms.ActiveCfg = Release|Any CPU
		{45583E2D-187F-4F7E-B7C1-188A12A8644E}.RND|Mixed Platforms.Build.0 = Release|Any CPU
		{45583E2D-187F-4F7E-B7C1-188A12A8644E}.RND|x86.ActiveCfg = Release|Any CPU
		{C652C72D-D75E-4A35-8183-776EC1B4F1BD}.Debug|Any CPU.ActiveCfg = Debug|Any CPU
		{C652C72D-D75E-4A35-8183-776EC1B4F1BD}.Debug|Any CPU.Build.0 = Debug|Any CPU
		{C652C72D-D75E-4A35-8183-776EC1B4F1BD}.Debug|Mixed Platforms.ActiveCfg = Debug|Any CPU
		{C652C72D-D75E-4A35-8183-776EC1B4F1BD}.Debug|Mixed Platforms.Build.0 = Debug|Any CPU
		{C652C72D-D75E-4A35-8183-776EC1B4F1BD}.Debug|x86.ActiveCfg = Debug|Any CPU
		{C652C72D-D75E-4A35-8183-776EC1B4F1BD}.Release|Any CPU.ActiveCfg = Release|Any CPU
		{C652C72D-D75E-4A35-8183-776EC1B4F1BD}.Release|Any CPU.Build.0 = Release|Any CPU
		{C652C72D-D75E-4A35-8183-776EC1B4F1BD}.Release|Mixed Platforms.ActiveCfg = Release|Any CPU
		{C652C72D-D75E-4A35-8183-776EC1B4F1BD}.Release|Mixed Platforms.Build.0 = Release|Any CPU
		{C652C72D-D75E-4A35-8183-776EC1B4F1BD}.Release|x86.ActiveCfg = Release|Any CPU
		{C652C72D-D75E-4A35-8183-776EC1B4F1BD}.RND|Any CPU.ActiveCfg = Release|Any CPU
		{C652C72D-D75E-4A35-8183-776EC1B4F1BD}.RND|Any CPU.Build.0 = Release|Any CPU
		{C652C72D-D75E-4A35-8183-776EC1B4F1BD}.RND|Mixed Platforms.ActiveCfg = Release|Any CPU
		{C652C72D-D75E-4A35-8183-776EC1B4F1BD}.RND|Mixed Platforms.Build.0 = Release|Any CPU
		{C652C72D-D75E-4A35-8183-776EC1B4F1BD}.RND|x86.ActiveCfg = Release|Any CPU
		{6EAD8490-118B-4395-BCEF-CB5EC083705C}.Debug|Any CPU.ActiveCfg = Debug|Any CPU
		{6EAD8490-118B-4395-BCEF-CB5EC083705C}.Debug|Any CPU.Build.0 = Debug|Any CPU
		{6EAD8490-118B-4395-BCEF-CB5EC083705C}.Debug|Mixed Platforms.ActiveCfg = Debug|Any CPU
		{6EAD8490-118B-4395-BCEF-CB5EC083705C}.Debug|Mixed Platforms.Build.0 = Debug|Any CPU
		{6EAD8490-118B-4395-BCEF-CB5EC083705C}.Debug|x86.ActiveCfg = Debug|Any CPU
		{6EAD8490-118B-4395-BCEF-CB5EC083705C}.Release|Any CPU.ActiveCfg = Release|Any CPU
		{6EAD8490-118B-4395-BCEF-CB5EC083705C}.Release|Any CPU.Build.0 = Release|Any CPU
		{6EAD8490-118B-4395-BCEF-CB5EC083705C}.Release|Mixed Platforms.ActiveCfg = Release|Any CPU
		{6EAD8490-118B-4395-BCEF-CB5EC083705C}.Release|Mixed Platforms.Build.0 = Release|Any CPU
		{6EAD8490-118B-4395-BCEF-CB5EC083705C}.Release|x86.ActiveCfg = Release|Any CPU
		{6EAD8490-118B-4395-BCEF-CB5EC083705C}.RND|Any CPU.ActiveCfg = Release|Any CPU
		{6EAD8490-118B-4395-BCEF-CB5EC083705C}.RND|Any CPU.Build.0 = Release|Any CPU
		{6EAD8490-118B-4395-BCEF-CB5EC083705C}.RND|Mixed Platforms.ActiveCfg = Release|Any CPU
		{6EAD8490-118B-4395-BCEF-CB5EC083705C}.RND|Mixed Platforms.Build.0 = Release|Any CPU
		{6EAD8490-118B-4395-BCEF-CB5EC083705C}.RND|x86.ActiveCfg = Release|Any CPU
		{893D5CA5-3381-4AF2-A32F-F4B5730B1CA6}.Debug|Any CPU.ActiveCfg = Debug|Any CPU
		{893D5CA5-3381-4AF2-A32F-F4B5730B1CA6}.Debug|Any CPU.Build.0 = Debug|Any CPU
		{893D5CA5-3381-4AF2-A32F-F4B5730B1CA6}.Debug|Mixed Platforms.ActiveCfg = Debug|Any CPU
		{893D5CA5-3381-4AF2-A32F-F4B5730B1CA6}.Debug|Mixed Platforms.Build.0 = Debug|Any CPU
		{893D5CA5-3381-4AF2-A32F-F4B5730B1CA6}.Debug|x86.ActiveCfg = Debug|Any CPU
		{893D5CA5-3381-4AF2-A32F-F4B5730B1CA6}.Release|Any CPU.ActiveCfg = Release|Any CPU
		{893D5CA5-3381-4AF2-A32F-F4B5730B1CA6}.Release|Any CPU.Build.0 = Release|Any CPU
		{893D5CA5-3381-4AF2-A32F-F4B5730B1CA6}.Release|Mixed Platforms.ActiveCfg = Release|Any CPU
		{893D5CA5-3381-4AF2-A32F-F4B5730B1CA6}.Release|Mixed Platforms.Build.0 = Release|Any CPU
		{893D5CA5-3381-4AF2-A32F-F4B5730B1CA6}.Release|x86.ActiveCfg = Release|Any CPU
		{893D5CA5-3381-4AF2-A32F-F4B5730B1CA6}.RND|Any CPU.ActiveCfg = Release|Any CPU
		{893D5CA5-3381-4AF2-A32F-F4B5730B1CA6}.RND|Any CPU.Build.0 = Release|Any CPU
		{893D5CA5-3381-4AF2-A32F-F4B5730B1CA6}.RND|Mixed Platforms.ActiveCfg = Release|Any CPU
		{893D5CA5-3381-4AF2-A32F-F4B5730B1CA6}.RND|Mixed Platforms.Build.0 = Release|Any CPU
		{893D5CA5-3381-4AF2-A32F-F4B5730B1CA6}.RND|x86.ActiveCfg = Release|Any CPU
		{A8471C2A-1679-4228-85C1-04A22C9AF7D3}.Debug|Any CPU.ActiveCfg = Debug|Any CPU
		{A8471C2A-1679-4228-85C1-04A22C9AF7D3}.Debug|Any CPU.Build.0 = Debug|Any CPU
		{A8471C2A-1679-4228-85C1-04A22C9AF7D3}.Debug|Mixed Platforms.ActiveCfg = Debug|Any CPU
		{A8471C2A-1679-4228-85C1-04A22C9AF7D3}.Debug|Mixed Platforms.Build.0 = Debug|Any CPU
		{A8471C2A-1679-4228-85C1-04A22C9AF7D3}.Debug|x86.ActiveCfg = Debug|Any CPU
		{A8471C2A-1679-4228-85C1-04A22C9AF7D3}.Release|Any CPU.ActiveCfg = Release|Any CPU
		{A8471C2A-1679-4228-85C1-04A22C9AF7D3}.Release|Any CPU.Build.0 = Release|Any CPU
		{A8471C2A-1679-4228-85C1-04A22C9AF7D3}.Release|Mixed Platforms.ActiveCfg = Release|Any CPU
		{A8471C2A-1679-4228-85C1-04A22C9AF7D3}.Release|Mixed Platforms.Build.0 = Release|Any CPU
		{A8471C2A-1679-4228-85C1-04A22C9AF7D3}.Release|x86.ActiveCfg = Release|Any CPU
		{A8471C2A-1679-4228-85C1-04A22C9AF7D3}.RND|Any CPU.ActiveCfg = Release|Any CPU
		{A8471C2A-1679-4228-85C1-04A22C9AF7D3}.RND|Any CPU.Build.0 = Release|Any CPU
		{A8471C2A-1679-4228-85C1-04A22C9AF7D3}.RND|Mixed Platforms.ActiveCfg = Release|Any CPU
		{A8471C2A-1679-4228-85C1-04A22C9AF7D3}.RND|Mixed Platforms.Build.0 = Release|Any CPU
		{A8471C2A-1679-4228-85C1-04A22C9AF7D3}.RND|x86.ActiveCfg = Release|Any CPU
		{9B4613CA-28BF-422C-8E53-ED9A7B45436A}.Debug|Any CPU.ActiveCfg = Debug|x86
		{9B4613CA-28BF-422C-8E53-ED9A7B45436A}.Debug|Any CPU.Build.0 = Debug|x86
		{9B4613CA-28BF-422C-8E53-ED9A7B45436A}.Debug|Mixed Platforms.ActiveCfg = Debug|x86
		{9B4613CA-28BF-422C-8E53-ED9A7B45436A}.Debug|Mixed Platforms.Build.0 = Debug|x86
		{9B4613CA-28BF-422C-8E53-ED9A7B45436A}.Debug|x86.ActiveCfg = Debug|x86
		{9B4613CA-28BF-422C-8E53-ED9A7B45436A}.Debug|x86.Build.0 = Debug|x86
		{9B4613CA-28BF-422C-8E53-ED9A7B45436A}.Release|Any CPU.ActiveCfg = Release|x86
		{9B4613CA-28BF-422C-8E53-ED9A7B45436A}.Release|Any CPU.Build.0 = Release|x86
		{9B4613CA-28BF-422C-8E53-ED9A7B45436A}.Release|Any CPU.Deploy.0 = Release|x86
		{9B4613CA-28BF-422C-8E53-ED9A7B45436A}.Release|Mixed Platforms.ActiveCfg = Release|x86
		{9B4613CA-28BF-422C-8E53-ED9A7B45436A}.Release|Mixed Platforms.Build.0 = Release|x86
		{9B4613CA-28BF-422C-8E53-ED9A7B45436A}.Release|x86.ActiveCfg = Release|x86
		{9B4613CA-28BF-422C-8E53-ED9A7B45436A}.Release|x86.Build.0 = Release|x86
		{9B4613CA-28BF-422C-8E53-ED9A7B45436A}.RND|Any CPU.ActiveCfg = Release|x86
		{9B4613CA-28BF-422C-8E53-ED9A7B45436A}.RND|Any CPU.Build.0 = Release|x86
		{9B4613CA-28BF-422C-8E53-ED9A7B45436A}.RND|Mixed Platforms.ActiveCfg = Release|x86
		{9B4613CA-28BF-422C-8E53-ED9A7B45436A}.RND|Mixed Platforms.Build.0 = Release|x86
		{9B4613CA-28BF-422C-8E53-ED9A7B45436A}.RND|x86.ActiveCfg = Release|x86
		{9B4613CA-28BF-422C-8E53-ED9A7B45436A}.RND|x86.Build.0 = Release|x86
		{C4B272BC-B14D-467D-85F3-5D13EBB0DBCE}.Debug|Any CPU.ActiveCfg = Debug|Any CPU
		{C4B272BC-B14D-467D-85F3-5D13EBB0DBCE}.Debug|Any CPU.Build.0 = Debug|Any CPU
		{C4B272BC-B14D-467D-85F3-5D13EBB0DBCE}.Debug|Mixed Platforms.ActiveCfg = Debug|Any CPU
		{C4B272BC-B14D-467D-85F3-5D13EBB0DBCE}.Debug|Mixed Platforms.Build.0 = Debug|Any CPU
		{C4B272BC-B14D-467D-85F3-5D13EBB0DBCE}.Debug|x86.ActiveCfg = Debug|Any CPU
		{C4B272BC-B14D-467D-85F3-5D13EBB0DBCE}.Release|Any CPU.ActiveCfg = Release|Any CPU
		{C4B272BC-B14D-467D-85F3-5D13EBB0DBCE}.Release|Any CPU.Build.0 = Release|Any CPU
		{C4B272BC-B14D-467D-85F3-5D13EBB0DBCE}.Release|Mixed Platforms.ActiveCfg = Release|Any CPU
		{C4B272BC-B14D-467D-85F3-5D13EBB0DBCE}.Release|Mixed Platforms.Build.0 = Release|Any CPU
		{C4B272BC-B14D-467D-85F3-5D13EBB0DBCE}.Release|x86.ActiveCfg = Release|Any CPU
		{C4B272BC-B14D-467D-85F3-5D13EBB0DBCE}.RND|Any CPU.ActiveCfg = Release|Any CPU
		{C4B272BC-B14D-467D-85F3-5D13EBB0DBCE}.RND|Any CPU.Build.0 = Release|Any CPU
		{C4B272BC-B14D-467D-85F3-5D13EBB0DBCE}.RND|Mixed Platforms.ActiveCfg = Release|Any CPU
		{C4B272BC-B14D-467D-85F3-5D13EBB0DBCE}.RND|Mixed Platforms.Build.0 = Release|Any CPU
		{C4B272BC-B14D-467D-85F3-5D13EBB0DBCE}.RND|x86.ActiveCfg = Release|Any CPU
		{542881EA-2FA1-432B-9359-4ADCB1C25598}.Debug|Any CPU.ActiveCfg = Debug|Any CPU
		{542881EA-2FA1-432B-9359-4ADCB1C25598}.Debug|Any CPU.Build.0 = Debug|Any CPU
		{542881EA-2FA1-432B-9359-4ADCB1C25598}.Debug|Mixed Platforms.ActiveCfg = Debug|Any CPU
		{542881EA-2FA1-432B-9359-4ADCB1C25598}.Debug|Mixed Platforms.Build.0 = Debug|Any CPU
		{542881EA-2FA1-432B-9359-4ADCB1C25598}.Debug|x86.ActiveCfg = Debug|Any CPU
		{542881EA-2FA1-432B-9359-4ADCB1C25598}.Release|Any CPU.ActiveCfg = Release|Any CPU
		{542881EA-2FA1-432B-9359-4ADCB1C25598}.Release|Any CPU.Build.0 = Release|Any CPU
		{542881EA-2FA1-432B-9359-4ADCB1C25598}.Release|Mixed Platforms.ActiveCfg = Release|Any CPU
		{542881EA-2FA1-432B-9359-4ADCB1C25598}.Release|Mixed Platforms.Build.0 = Release|Any CPU
		{542881EA-2FA1-432B-9359-4ADCB1C25598}.Release|x86.ActiveCfg = Release|Any CPU
		{542881EA-2FA1-432B-9359-4ADCB1C25598}.RND|Any CPU.ActiveCfg = Release|Any CPU
		{542881EA-2FA1-432B-9359-4ADCB1C25598}.RND|Any CPU.Build.0 = Release|Any CPU
		{542881EA-2FA1-432B-9359-4ADCB1C25598}.RND|Mixed Platforms.ActiveCfg = Release|Any CPU
		{542881EA-2FA1-432B-9359-4ADCB1C25598}.RND|Mixed Platforms.Build.0 = Release|Any CPU
		{542881EA-2FA1-432B-9359-4ADCB1C25598}.RND|x86.ActiveCfg = Release|Any CPU
		{84764172-5E0E-4404-88C4-8F627F85F1D5}.Debug|Any CPU.ActiveCfg = Debug|Any CPU
		{84764172-5E0E-4404-88C4-8F627F85F1D5}.Debug|Any CPU.Build.0 = Debug|Any CPU
		{84764172-5E0E-4404-88C4-8F627F85F1D5}.Debug|Mixed Platforms.ActiveCfg = Debug|Any CPU
		{84764172-5E0E-4404-88C4-8F627F85F1D5}.Debug|Mixed Platforms.Build.0 = Debug|Any CPU
		{84764172-5E0E-4404-88C4-8F627F85F1D5}.Debug|x86.ActiveCfg = Debug|Any CPU
		{84764172-5E0E-4404-88C4-8F627F85F1D5}.Release|Any CPU.ActiveCfg = Release|Any CPU
		{84764172-5E0E-4404-88C4-8F627F85F1D5}.Release|Any CPU.Build.0 = Release|Any CPU
		{84764172-5E0E-4404-88C4-8F627F85F1D5}.Release|Mixed Platforms.ActiveCfg = Release|Any CPU
		{84764172-5E0E-4404-88C4-8F627F85F1D5}.Release|Mixed Platforms.Build.0 = Release|Any CPU
		{84764172-5E0E-4404-88C4-8F627F85F1D5}.Release|x86.ActiveCfg = Release|Any CPU
		{84764172-5E0E-4404-88C4-8F627F85F1D5}.RND|Any CPU.ActiveCfg = Release|Any CPU
		{84764172-5E0E-4404-88C4-8F627F85F1D5}.RND|Any CPU.Build.0 = Release|Any CPU
		{84764172-5E0E-4404-88C4-8F627F85F1D5}.RND|Mixed Platforms.ActiveCfg = Release|Any CPU
		{84764172-5E0E-4404-88C4-8F627F85F1D5}.RND|Mixed Platforms.Build.0 = Release|Any CPU
		{84764172-5E0E-4404-88C4-8F627F85F1D5}.RND|x86.ActiveCfg = Release|Any CPU
		{58350367-4EC9-4DBB-8576-1AAAEC029E5A}.Debug|Any CPU.ActiveCfg = Debug|Any CPU
		{58350367-4EC9-4DBB-8576-1AAAEC029E5A}.Debug|Any CPU.Build.0 = Debug|Any CPU
		{58350367-4EC9-4DBB-8576-1AAAEC029E5A}.Debug|Mixed Platforms.ActiveCfg = Debug|Any CPU
		{58350367-4EC9-4DBB-8576-1AAAEC029E5A}.Debug|Mixed Platforms.Build.0 = Debug|Any CPU
		{58350367-4EC9-4DBB-8576-1AAAEC029E5A}.Debug|x86.ActiveCfg = Debug|Any CPU
		{58350367-4EC9-4DBB-8576-1AAAEC029E5A}.Release|Any CPU.ActiveCfg = Release|Any CPU
		{58350367-4EC9-4DBB-8576-1AAAEC029E5A}.Release|Any CPU.Build.0 = Release|Any CPU
		{58350367-4EC9-4DBB-8576-1AAAEC029E5A}.Release|Mixed Platforms.ActiveCfg = Release|Any CPU
		{58350367-4EC9-4DBB-8576-1AAAEC029E5A}.Release|Mixed Platforms.Build.0 = Release|Any CPU
		{58350367-4EC9-4DBB-8576-1AAAEC029E5A}.Release|x86.ActiveCfg = Release|Any CPU
		{58350367-4EC9-4DBB-8576-1AAAEC029E5A}.RND|Any CPU.ActiveCfg = Release|Any CPU
		{58350367-4EC9-4DBB-8576-1AAAEC029E5A}.RND|Any CPU.Build.0 = Release|Any CPU
		{58350367-4EC9-4DBB-8576-1AAAEC029E5A}.RND|Mixed Platforms.ActiveCfg = Release|Any CPU
		{58350367-4EC9-4DBB-8576-1AAAEC029E5A}.RND|Mixed Platforms.Build.0 = Release|Any CPU
		{58350367-4EC9-4DBB-8576-1AAAEC029E5A}.RND|x86.ActiveCfg = Release|Any CPU
		{7F56D26D-CEC1-476F-BAA2-6F8D61A0ED9C}.Debug|Any CPU.ActiveCfg = Debug|Any CPU
		{7F56D26D-CEC1-476F-BAA2-6F8D61A0ED9C}.Debug|Any CPU.Build.0 = Debug|Any CPU
		{7F56D26D-CEC1-476F-BAA2-6F8D61A0ED9C}.Debug|Mixed Platforms.ActiveCfg = Debug|Any CPU
		{7F56D26D-CEC1-476F-BAA2-6F8D61A0ED9C}.Debug|Mixed Platforms.Build.0 = Debug|Any CPU
		{7F56D26D-CEC1-476F-BAA2-6F8D61A0ED9C}.Debug|x86.ActiveCfg = Debug|Any CPU
		{7F56D26D-CEC1-476F-BAA2-6F8D61A0ED9C}.Release|Any CPU.ActiveCfg = Release|Any CPU
		{7F56D26D-CEC1-476F-BAA2-6F8D61A0ED9C}.Release|Any CPU.Build.0 = Release|Any CPU
		{7F56D26D-CEC1-476F-BAA2-6F8D61A0ED9C}.Release|Mixed Platforms.ActiveCfg = Release|Any CPU
		{7F56D26D-CEC1-476F-BAA2-6F8D61A0ED9C}.Release|Mixed Platforms.Build.0 = Release|Any CPU
		{7F56D26D-CEC1-476F-BAA2-6F8D61A0ED9C}.Release|x86.ActiveCfg = Release|Any CPU
		{7F56D26D-CEC1-476F-BAA2-6F8D61A0ED9C}.RND|Any CPU.ActiveCfg = Release|Any CPU
		{7F56D26D-CEC1-476F-BAA2-6F8D61A0ED9C}.RND|Any CPU.Build.0 = Release|Any CPU
		{7F56D26D-CEC1-476F-BAA2-6F8D61A0ED9C}.RND|Mixed Platforms.ActiveCfg = Release|Any CPU
		{7F56D26D-CEC1-476F-BAA2-6F8D61A0ED9C}.RND|Mixed Platforms.Build.0 = Release|Any CPU
		{7F56D26D-CEC1-476F-BAA2-6F8D61A0ED9C}.RND|x86.ActiveCfg = Release|Any CPU
		{82A95A01-379E-48C6-A559-AF9262EBC428}.Debug|Any CPU.ActiveCfg = Debug|Any CPU
		{82A95A01-379E-48C6-A559-AF9262EBC428}.Debug|Any CPU.Build.0 = Debug|Any CPU
		{82A95A01-379E-48C6-A559-AF9262EBC428}.Debug|Mixed Platforms.ActiveCfg = Debug|Any CPU
		{82A95A01-379E-48C6-A559-AF9262EBC428}.Debug|Mixed Platforms.Build.0 = Debug|Any CPU
		{82A95A01-379E-48C6-A559-AF9262EBC428}.Debug|x86.ActiveCfg = Debug|Any CPU
		{82A95A01-379E-48C6-A559-AF9262EBC428}.Release|Any CPU.ActiveCfg = Release|Any CPU
		{82A95A01-379E-48C6-A559-AF9262EBC428}.Release|Any CPU.Build.0 = Release|Any CPU
		{82A95A01-379E-48C6-A559-AF9262EBC428}.Release|Mixed Platforms.ActiveCfg = Release|Any CPU
		{82A95A01-379E-48C6-A559-AF9262EBC428}.Release|Mixed Platforms.Build.0 = Release|Any CPU
		{82A95A01-379E-48C6-A559-AF9262EBC428}.Release|x86.ActiveCfg = Release|Any CPU
		{82A95A01-379E-48C6-A559-AF9262EBC428}.RND|Any CPU.ActiveCfg = Release|Any CPU
		{82A95A01-379E-48C6-A559-AF9262EBC428}.RND|Any CPU.Build.0 = Release|Any CPU
		{82A95A01-379E-48C6-A559-AF9262EBC428}.RND|Mixed Platforms.ActiveCfg = Release|Any CPU
		{82A95A01-379E-48C6-A559-AF9262EBC428}.RND|Mixed Platforms.Build.0 = Release|Any CPU
		{82A95A01-379E-48C6-A559-AF9262EBC428}.RND|x86.ActiveCfg = Release|Any CPU
		{1B91A6A0-2BB8-4F65-BBEA-A32A4FA675F6}.Debug|Any CPU.ActiveCfg = Debug|Any CPU
		{1B91A6A0-2BB8-4F65-BBEA-A32A4FA675F6}.Debug|Any CPU.Build.0 = Debug|Any CPU
		{1B91A6A0-2BB8-4F65-BBEA-A32A4FA675F6}.Debug|Mixed Platforms.ActiveCfg = Debug|Any CPU
		{1B91A6A0-2BB8-4F65-BBEA-A32A4FA675F6}.Debug|Mixed Platforms.Build.0 = Debug|Any CPU
		{1B91A6A0-2BB8-4F65-BBEA-A32A4FA675F6}.Debug|x86.ActiveCfg = Debug|Any CPU
		{1B91A6A0-2BB8-4F65-BBEA-A32A4FA675F6}.Release|Any CPU.ActiveCfg = Release|Any CPU
		{1B91A6A0-2BB8-4F65-BBEA-A32A4FA675F6}.Release|Any CPU.Build.0 = Release|Any CPU
		{1B91A6A0-2BB8-4F65-BBEA-A32A4FA675F6}.Release|Mixed Platforms.ActiveCfg = Release|Any CPU
		{1B91A6A0-2BB8-4F65-BBEA-A32A4FA675F6}.Release|Mixed Platforms.Build.0 = Release|Any CPU
		{1B91A6A0-2BB8-4F65-BBEA-A32A4FA675F6}.Release|x86.ActiveCfg = Release|Any CPU
		{1B91A6A0-2BB8-4F65-BBEA-A32A4FA675F6}.RND|Any CPU.ActiveCfg = Release|Any CPU
		{1B91A6A0-2BB8-4F65-BBEA-A32A4FA675F6}.RND|Any CPU.Build.0 = Release|Any CPU
		{1B91A6A0-2BB8-4F65-BBEA-A32A4FA675F6}.RND|Mixed Platforms.ActiveCfg = Release|Any CPU
		{1B91A6A0-2BB8-4F65-BBEA-A32A4FA675F6}.RND|Mixed Platforms.Build.0 = Release|Any CPU
		{1B91A6A0-2BB8-4F65-BBEA-A32A4FA675F6}.RND|x86.ActiveCfg = Release|Any CPU
		{91092C87-320A-44BD-9952-33C3523D756A}.Debug|Any CPU.ActiveCfg = Debug|Any CPU
		{91092C87-320A-44BD-9952-33C3523D756A}.Debug|Any CPU.Build.0 = Debug|Any CPU
		{91092C87-320A-44BD-9952-33C3523D756A}.Debug|Mixed Platforms.ActiveCfg = Debug|Any CPU
		{91092C87-320A-44BD-9952-33C3523D756A}.Debug|Mixed Platforms.Build.0 = Debug|Any CPU
		{91092C87-320A-44BD-9952-33C3523D756A}.Debug|x86.ActiveCfg = Debug|Any CPU
		{91092C87-320A-44BD-9952-33C3523D756A}.Release|Any CPU.ActiveCfg = Release|Any CPU
		{91092C87-320A-44BD-9952-33C3523D756A}.Release|Any CPU.Build.0 = Release|Any CPU
		{91092C87-320A-44BD-9952-33C3523D756A}.Release|Mixed Platforms.ActiveCfg = Release|Any CPU
		{91092C87-320A-44BD-9952-33C3523D756A}.Release|Mixed Platforms.Build.0 = Release|Any CPU
		{91092C87-320A-44BD-9952-33C3523D756A}.Release|x86.ActiveCfg = Release|Any CPU
		{91092C87-320A-44BD-9952-33C3523D756A}.RND|Any CPU.ActiveCfg = Release|Any CPU
		{91092C87-320A-44BD-9952-33C3523D756A}.RND|Any CPU.Build.0 = Release|Any CPU
		{91092C87-320A-44BD-9952-33C3523D756A}.RND|Mixed Platforms.ActiveCfg = Release|Any CPU
		{91092C87-320A-44BD-9952-33C3523D756A}.RND|Mixed Platforms.Build.0 = Release|Any CPU
		{91092C87-320A-44BD-9952-33C3523D756A}.RND|x86.ActiveCfg = Release|Any CPU
		{5232213B-1938-4A80-9BEA-CD62363F2690}.Debug|Any CPU.ActiveCfg = Debug|Any CPU
		{5232213B-1938-4A80-9BEA-CD62363F2690}.Debug|Any CPU.Build.0 = Debug|Any CPU
		{5232213B-1938-4A80-9BEA-CD62363F2690}.Debug|Mixed Platforms.ActiveCfg = Debug|Any CPU
		{5232213B-1938-4A80-9BEA-CD62363F2690}.Debug|Mixed Platforms.Build.0 = Debug|Any CPU
		{5232213B-1938-4A80-9BEA-CD62363F2690}.Debug|x86.ActiveCfg = Debug|Any CPU
		{5232213B-1938-4A80-9BEA-CD62363F2690}.Release|Any CPU.ActiveCfg = Release|Any CPU
		{5232213B-1938-4A80-9BEA-CD62363F2690}.Release|Any CPU.Build.0 = Release|Any CPU
		{5232213B-1938-4A80-9BEA-CD62363F2690}.Release|Mixed Platforms.ActiveCfg = Release|Any CPU
		{5232213B-1938-4A80-9BEA-CD62363F2690}.Release|Mixed Platforms.Build.0 = Release|Any CPU
		{5232213B-1938-4A80-9BEA-CD62363F2690}.Release|x86.ActiveCfg = Release|Any CPU
		{5232213B-1938-4A80-9BEA-CD62363F2690}.RND|Any CPU.ActiveCfg = Release|Any CPU
		{5232213B-1938-4A80-9BEA-CD62363F2690}.RND|Any CPU.Build.0 = Release|Any CPU
		{5232213B-1938-4A80-9BEA-CD62363F2690}.RND|Mixed Platforms.ActiveCfg = Release|Any CPU
		{5232213B-1938-4A80-9BEA-CD62363F2690}.RND|Mixed Platforms.Build.0 = Release|Any CPU
		{5232213B-1938-4A80-9BEA-CD62363F2690}.RND|x86.ActiveCfg = Release|Any CPU
	EndGlobalSection
	GlobalSection(SolutionProperties) = preSolution
		HideSolutionNode = FALSE
	EndGlobalSection
	GlobalSection(NestedProjects) = preSolution
		{7A86F4D4-29E7-4CD5-9449-F1AAA198AEFC} = {AB97D2DE-846B-4B5B-9168-7F19F766E614}
		{9A5C8AF3-8127-444A-B499-8523B7E60BB2} = {BEDB06C2-373E-4103-853F-60405E1A893B}
		{D43940DF-CB03-49B4-A6EF-CAC92BF00B3E} = {F5E50702-EFAE-4182-9ECA-451F851D75FA}
		{CADBB621-0F80-4C45-9135-7F10256C5EA5} = {F5E50702-EFAE-4182-9ECA-451F851D75FA}
		{A80E0E32-6788-46C3-9B10-755E597A11E5} = {39EC368D-12EE-43EA-96F6-5EE63E927025}
		{F431F556-155B-42CC-A24A-7C7FFC03CEA9} = {AB97D2DE-846B-4B5B-9168-7F19F766E614}
		{518D8408-E160-4C14-B9A2-5770B7A7492A} = {AB97D2DE-846B-4B5B-9168-7F19F766E614}
		{94821D05-B609-43D3-9DC2-4894B2B83420} = {AB97D2DE-846B-4B5B-9168-7F19F766E614}
		{3802C9D7-5433-4071-BD6C-ECAC025F397E} = {39EC368D-12EE-43EA-96F6-5EE63E927025}
		{14BF7218-ADC4-4CD9-B867-F2045B5BD4BA} = {AB97D2DE-846B-4B5B-9168-7F19F766E614}
		{2199970F-471E-4486-984E-31F347B2E934} = {AB97D2DE-846B-4B5B-9168-7F19F766E614}
		{EA551D83-FFCB-4807-A490-E9F6592EA0F8} = {AB97D2DE-846B-4B5B-9168-7F19F766E614}
		{75AC97CC-FA68-49F7-951D-734344F97B03} = {AB97D2DE-846B-4B5B-9168-7F19F766E614}
		{027C05AA-0FA8-46D5-AA66-90F5B6E4DD26} = {AB97D2DE-846B-4B5B-9168-7F19F766E614}
		{2292D610-29BB-459C-90D3-2E5A422957FB} = {AB97D2DE-846B-4B5B-9168-7F19F766E614}
		{8B965B65-2286-4F02-B1BC-8E126C22BCFB} = {39EC368D-12EE-43EA-96F6-5EE63E927025}
		{70CFC4F0-A0CC-432C-98AC-650F1444363B} = {39EC368D-12EE-43EA-96F6-5EE63E927025}
		{E6E40BCA-AC67-4FAE-8CC5-B5B20FBA7176} = {39EC368D-12EE-43EA-96F6-5EE63E927025}
		{9209C028-7AA1-4BAA-8321-CAF75571E0F9} = {39EC368D-12EE-43EA-96F6-5EE63E927025}
		{0A0626BF-5555-4622-BCBF-54A3E55F5071} = {39EC368D-12EE-43EA-96F6-5EE63E927025}
		{B574F6F0-AE0B-4DE8-A273-39A024CF8BB8} = {39EC368D-12EE-43EA-96F6-5EE63E927025}
		{3D69280C-E684-49F6-8E13-C4A7D36CB499} = {39EC368D-12EE-43EA-96F6-5EE63E927025}
		{46AEFAA9-DBB1-46EC-B25E-3F40687311FB} = {39EC368D-12EE-43EA-96F6-5EE63E927025}
		{21CE45F9-5F6C-4667-91AC-A8DA74728B44} = {F5E50702-EFAE-4182-9ECA-451F851D75FA}
		{8FE174E6-863C-4456-AB22-FE5071F48397} = {AB97D2DE-846B-4B5B-9168-7F19F766E614}
		{BE0167EB-4795-4525-8B41-2138FDFE8BB4} = {27A2B603-D4D5-4F84-BDD2-A7E4C65F9A85}
		{8356C640-ACAA-4EA6-B570-EBA0E9E24520} = {AB97D2DE-846B-4B5B-9168-7F19F766E614}
		{EAA33893-39AA-49AB-977F-379A81E205B2} = {39EC368D-12EE-43EA-96F6-5EE63E927025}
		{59EC7B93-1F4D-486C-B0B5-EB20097AB101} = {27A2B603-D4D5-4F84-BDD2-A7E4C65F9A85}
		{C96DE633-168E-4153-9B12-A8487A94532B} = {27A2B603-D4D5-4F84-BDD2-A7E4C65F9A85}
		{45583E2D-187F-4F7E-B7C1-188A12A8644E} = {27A2B603-D4D5-4F84-BDD2-A7E4C65F9A85}
		{C652C72D-D75E-4A35-8183-776EC1B4F1BD} = {27A2B603-D4D5-4F84-BDD2-A7E4C65F9A85}
		{6EAD8490-118B-4395-BCEF-CB5EC083705C} = {27A2B603-D4D5-4F84-BDD2-A7E4C65F9A85}
		{AB97D2DE-846B-4B5B-9168-7F19F766E614} = {FCB487C1-1FCF-40E4-AFCC-10BE666D4906}
		{27A2B603-D4D5-4F84-BDD2-A7E4C65F9A85} = {FCB487C1-1FCF-40E4-AFCC-10BE666D4906}
		{3B50A4B5-F15E-465F-B2EF-81353E9EE5A3} = {FCB487C1-1FCF-40E4-AFCC-10BE666D4906}
		{893D5CA5-3381-4AF2-A32F-F4B5730B1CA6} = {3B50A4B5-F15E-465F-B2EF-81353E9EE5A3}
		{A8471C2A-1679-4228-85C1-04A22C9AF7D3} = {39EC368D-12EE-43EA-96F6-5EE63E927025}
		{9B4613CA-28BF-422C-8E53-ED9A7B45436A} = {3B50A4B5-F15E-465F-B2EF-81353E9EE5A3}
		{C4B272BC-B14D-467D-85F3-5D13EBB0DBCE} = {AB97D2DE-846B-4B5B-9168-7F19F766E614}
		{542881EA-2FA1-432B-9359-4ADCB1C25598} = {3B50A4B5-F15E-465F-B2EF-81353E9EE5A3}
		{84764172-5E0E-4404-88C4-8F627F85F1D5} = {3B50A4B5-F15E-465F-B2EF-81353E9EE5A3}
		{58350367-4EC9-4DBB-8576-1AAAEC029E5A} = {3B50A4B5-F15E-465F-B2EF-81353E9EE5A3}
		{7F56D26D-CEC1-476F-BAA2-6F8D61A0ED9C} = {8CD3BF96-7797-4824-BB47-F7C236CCCF2B}
		{82A95A01-379E-48C6-A559-AF9262EBC428} = {39EC368D-12EE-43EA-96F6-5EE63E927025}
		{1B91A6A0-2BB8-4F65-BBEA-A32A4FA675F6} = {27A2B603-D4D5-4F84-BDD2-A7E4C65F9A85}
		{91092C87-320A-44BD-9952-33C3523D756A} = {AB97D2DE-846B-4B5B-9168-7F19F766E614}
		{CAF11D14-1C91-4552-8CA1-1F51BB1F52E9} = {FCB487C1-1FCF-40E4-AFCC-10BE666D4906}
		{5232213B-1938-4A80-9BEA-CD62363F2690} = {CAF11D14-1C91-4552-8CA1-1F51BB1F52E9}
	EndGlobalSection
EndGlobal
